<?xml version="1.0" encoding="utf-8"?>
<Project ToolsVersion="4.0" xmlns="http://schemas.microsoft.com/developer/msbuild/2003">
  <ItemGroup>
    <Filter Include="Source Files">
      <UniqueIdentifier>{efe68946-94f5-4a91-9e24-6e227360d603}</UniqueIdentifier>
      <Extensions>cpp;c;cxx;rc;def;r;odl;idl;hpj;bat</Extensions>
    </Filter>
    <Filter Include="Source Files\Music">
      <UniqueIdentifier>{6252b99f-4d8d-4910-b8e1-31c05c84ad9c}</UniqueIdentifier>
    </Filter>
    <Filter Include="Header Files">
      <UniqueIdentifier>{a41e9719-b693-4b5b-9684-a022eb370d9b}</UniqueIdentifier>
      <Extensions>h;hpp;hxx;hm;inl</Extensions>
    </Filter>
  </ItemGroup>
  <ItemGroup>
    <ClCompile Include="Isound2.cpp">
      <Filter>Source Files</Filter>
    </ClCompile>
    <ClCompile Include="LoadOgg.cpp">
      <Filter>Source Files</Filter>
    </ClCompile>
    <ClCompile Include="Loadwave.cpp">
      <Filter>Source Files</Filter>
    </ClCompile>
    <ClCompile Include="Main.cpp">
      <Filter>Source Files</Filter>
    </ClCompile>
    <ClCompile Include="pch.cpp">
      <Filter>Source Files</Filter>
    </ClCompile>
    <ClCompile Include="Music\C_music.cpp">
      <Filter>Source Files\Music</Filter>
    </ClCompile>
    <ClCompile Include="Music\DRV_DS.CPP">
      <Filter>Source Files\Music</Filter>
    </ClCompile>
    <ClCompile Include="Music\LOAD_MOD.CPP">
      <Filter>Source Files\Music</Filter>
    </ClCompile>
    <ClCompile Include="Music\LOAD_XM.CPP">
      <Filter>Source Files\Music</Filter>
    </ClCompile>
    <ClCompile Include="Music\MPLAYER.CPP">
      <Filter>Source Files\Music</Filter>
    </ClCompile>
  </ItemGroup>
  <ItemGroup>
    <ClInclude Include="All.h">
      <Filter>Header Files</Filter>
    </ClInclude>
    <ClInclude Include="Music\C_music.h">
      <Filter>Header Files</Filter>
    </ClInclude>
    <ClInclude Include="..\..\Include\Isound2.h">
      <Filter>Header Files</Filter>
    </ClInclude>
    <ClInclude Include="Loader.h">
      <Filter>Header Files</Filter>
    </ClInclude>
    <ClInclude Include="Sound_i.h">
      <Filter>Header Files</Filter>
    </ClInclude>
  </ItemGroup>
</Project>