<?xml version="1.0" encoding="utf-8"?>
<Project ToolsVersion="4.0" xmlns="http://schemas.microsoft.com/developer/msbuild/2003">
  <ItemGroup>
    <Filter Include="Source Files">
      <UniqueIdentifier>{0e9d5aee-338d-48cf-9fb6-4b5859286bea}</UniqueIdentifier>
      <Extensions>cpp;c;cxx;rc;def;r;odl;idl;hpj;bat</Extensions>
    </Filter>
    <Filter Include="Source Files\Frames">
      <UniqueIdentifier>{35f7a44b-7466-4725-9900-8229f21e2252}</UniqueIdentifier>
    </Filter>
    <Filter Include="Source Files\Visuals">
      <UniqueIdentifier>{59092c1e-235e-44db-af17-67bd8035e6e7}</UniqueIdentifier>
    </Filter>
    <Filter Include="Source Files\System">
      <UniqueIdentifier>{05bb9431-7930-479b-8a41-0c492758c8b7}</UniqueIdentifier>
    </Filter>
    <Filter Include="Source Files\Collisions">
      <UniqueIdentifier>{357cdfb1-3a78-4f55-91f7-3f02461e1f7c}</UniqueIdentifier>
    </Filter>
    <Filter Include="Header Files">
      <UniqueIdentifier>{24023fa0-ea8b-4c15-9a37-4fbd0bb91223}</UniqueIdentifier>
      <Extensions>h;hpp;hxx;hm;inl</Extensions>
    </Filter>
    <Filter Include="Header Files\Frames h">
      <UniqueIdentifier>{00c6db96-caf6-4c2b-8384-a0a2c22efa7e}</UniqueIdentifier>
    </Filter>
    <Filter Include="Header Files\Visuals h">
      <UniqueIdentifier>{7d6806e0-3c72-4868-b4f6-f73d6e66067c}</UniqueIdentifier>
    </Filter>
    <Filter Include="Shaders">
      <UniqueIdentifier>{4a89d5c7-1655-4f59-9ac9-9a2eebdfc3ba}</UniqueIdentifier>
    </Filter>
    <Filter Include="Text files">
      <UniqueIdentifier>{b0b90404-2286-4ad6-a47c-522c83933fe3}</UniqueIdentifier>
      <Extensions>txt</Extensions>
    </Filter>
  </ItemGroup>
  <ItemGroup>
    <ClCompile Include="Anim_3d.cpp">
      <Filter>Source Files</Filter>
    </ClCompile>
    <ClCompile Include="Common.cpp">
      <Filter>Source Files</Filter>
    </ClCompile>
    <ClCompile Include="Driver.cpp">
      <Filter>Source Files</Filter>
    </ClCompile>
    <ClCompile Include="Loader.cpp">
      <Filter>Source Files</Filter>
    </ClCompile>
    <ClCompile Include="Material.cpp">
      <Filter>Source Files</Filter>
    </ClCompile>
    <ClCompile Include="Math_3d.cpp">
      <Filter>Source Files</Filter>
    </ClCompile>
    <ClCompile Include="Mesh.cpp">
      <Filter>Source Files</Filter>
    </ClCompile>
    <ClCompile Include="Procedural.cpp">
      <Filter>Source Files</Filter>
    </ClCompile>
    <ClCompile Include="Render.cpp">
      <Filter>Source Files</Filter>
    </ClCompile>
    <ClCompile Include="Scene.cpp">
      <Filter>Source Files</Filter>
    </ClCompile>
    <ClCompile Include="Stripifier.cpp">
      <Filter>Source Files</Filter>
    </ClCompile>
    <ClCompile Include="Texture.cpp">
      <Filter>Source Files</Filter>
    </ClCompile>
    <ClCompile Include="Camera.cpp">
      <Filter>Source Files\Frames</Filter>
    </ClCompile>
    <ClCompile Include="Dummy.cpp">
      <Filter>Source Files\Frames</Filter>
    </ClCompile>
    <ClCompile Include="Frame.cpp">
      <Filter>Source Files\Frames</Filter>
    </ClCompile>
    <ClCompile Include="Joint.cpp">
      <Filter>Source Files\Frames</Filter>
    </ClCompile>
    <ClCompile Include="Light.cpp">
      <Filter>Source Files\Frames</Filter>
    </ClCompile>
    <ClCompile Include="Model.cpp">
      <Filter>Source Files\Frames</Filter>
    </ClCompile>
    <ClCompile Include="occluder.cpp">
      <Filter>Source Files\Frames</Filter>
    </ClCompile>
    <ClCompile Include="Sector.cpp">
      <Filter>Source Files\Frames</Filter>
    </ClCompile>
    <ClCompile Include="Sound.cpp">
      <Filter>Source Files\Frames</Filter>
    </ClCompile>
    <ClCompile Include="User.cpp">
      <Filter>Source Files\Frames</Filter>
    </ClCompile>
    <ClCompile Include="Volume.cpp">
      <Filter>Source Files\Frames</Filter>
    </ClCompile>
    <ClCompile Include="Atmospheric.cpp">
      <Filter>Source Files\Visuals</Filter>
    </ClCompile>
    <ClCompile Include="billbrd.cpp">
      <Filter>Source Files\Visuals</Filter>
    </ClCompile>
    <ClCompile Include="CameraView.cpp">
      <Filter>Source Files\Visuals</Filter>
    </ClCompile>
    <ClCompile Include="Discharge.cpp">
      <Filter>Source Files\Visuals</Filter>
    </ClCompile>
    <ClCompile Include="Flare.cpp">
      <Filter>Source Files\Visuals</Filter>
    </ClCompile>
    <ClCompile Include="Lmap.cpp">
      <Filter>Source Files\Visuals</Filter>
    </ClCompile>
    <ClCompile Include="Morph.cpp">
      <Filter>Source Files\Visuals</Filter>
    </ClCompile>
    <ClCompile Include="Object3d.cpp">
      <Filter>Source Files\Visuals</Filter>
    </ClCompile>
    <ClCompile Include="Object_uvshift.cpp">
      <Filter>Source Files\Visuals</Filter>
    </ClCompile>
    <ClCompile Include="Particle.cpp">
      <Filter>Source Files\Visuals</Filter>
    </ClCompile>
    <ClCompile Include="Sng_mesh.cpp">
      <Filter>Source Files\Visuals</Filter>
    </ClCompile>
    <ClCompile Include="Visual.cpp">
      <Filter>Source Files\Visuals</Filter>
    </ClCompile>
    <ClCompile Include="Visual_dynamic.cpp">
      <Filter>Source Files\Visuals</Filter>
    </ClCompile>
    <ClCompile Include="CPU.cpp">
      <Filter>Source Files\System</Filter>
    </ClCompile>
    <ClCompile Include="D3d_err.cpp">
      <Filter>Source Files\System</Filter>
    </ClCompile>
    <ClCompile Include="DataBase.cpp">
      <Filter>Source Files\System</Filter>
    </ClCompile>
    <ClCompile Include="Main.cpp">
      <Filter>Source Files\System</Filter>
    </ClCompile>
    <ClCompile Include="pch.cpp">
      <Filter>Source Files\System</Filter>
    </ClCompile>
    <ClCompile Include="bsp.cpp">
      <Filter>Source Files\Collisions</Filter>
    </ClCompile>
    <ClCompile Include="bsp_builder.cpp">
      <Filter>Source Files\Collisions</Filter>
    </ClCompile>
    <ClCompile Include="Collision.cpp">
      <Filter>Source Files\Collisions</Filter>
    </ClCompile>
    <ClCompile Include="Contact.cpp">
      <Filter>Source Files\Collisions</Filter>
    </ClCompile>
    <ClCompile Include="..\..\Editor\Bin\gl_visual.ps.c">
      <Filter>Shaders</Filter>
    </ClCompile>
    <ClCompile Include="..\..\Editor\Bin\gl_visual.vs.c">
      <Filter>Shaders</Filter>
    </ClCompile>
    <ClCompile Include="Visual_shader.cpp">
      <Filter>Source Files\Visuals</Filter>
    </ClCompile>
  </ItemGroup>
  <ItemGroup>
    <ClInclude Include="All.h">
      <Filter>Header Files</Filter>
    </ClInclude>
    <ClInclude Include="Anim.h">
      <Filter>Header Files</Filter>
    </ClInclude>
    <ClInclude Include="bsp.h">
      <Filter>Header Files</Filter>
    </ClInclude>
    <ClInclude Include="Common.h">
      <Filter>Header Files</Filter>
    </ClInclude>
    <ClInclude Include="Compress.h">
      <Filter>Header Files</Filter>
    </ClInclude>
    <ClInclude Include="Container.h">
      <Filter>Header Files</Filter>
    </ClInclude>
    <ClInclude Include="CPU.h">
      <Filter>Header Files</Filter>
    </ClInclude>
    <ClInclude Include="DataBase.h">
      <Filter>Header Files</Filter>
    </ClInclude>
    <ClInclude Include="Driver.h">
      <Filter>Header Files</Filter>
    </ClInclude>
    <ClInclude Include="..\..\Include\I3D\I3D2.h">
      <Filter>Header Files</Filter>
    </ClInclude>
    <ClInclude Include="..\..\Include\I3D\I3D_format.h">
      <Filter>Header Files</Filter>
    </ClInclude>
    <ClInclude Include="..\..\Include\I3D\I3D_math.h">
      <Filter>Header Files</Filter>
    </ClInclude>
    <ClInclude Include="Loader.h">
      <Filter>Header Files</Filter>
    </ClInclude>
    <ClInclude Include="Material.h">
      <Filter>Header Files</Filter>
    </ClInclude>
    <ClInclude Include="Mesh.h">
      <Filter>Header Files</Filter>
    </ClInclude>
    <ClInclude Include="Procedural.h">
      <Filter>Header Files</Filter>
    </ClInclude>
    <ClInclude Include="Scene.h">
      <Filter>Header Files</Filter>
    </ClInclude>
    <ClInclude Include="Stripifier.h">
      <Filter>Header Files</Filter>
    </ClInclude>
    <ClInclude Include="Texture.h">
      <Filter>Header Files</Filter>
    </ClInclude>
    <ClInclude Include="Vb_mgr.h">
      <Filter>Header Files</Filter>
    </ClInclude>
    <ClInclude Include="Camera.h">
      <Filter>Header Files\Frames h</Filter>
    </ClInclude>
    <ClInclude Include="Dummy.h">
      <Filter>Header Files\Frames h</Filter>
    </ClInclude>
    <ClInclude Include="Frame.h">
      <Filter>Header Files\Frames h</Filter>
    </ClInclude>
    <ClInclude Include="Joint.h">
      <Filter>Header Files\Frames h</Filter>
    </ClInclude>
    <ClInclude Include="Light.h">
      <Filter>Header Files\Frames h</Filter>
    </ClInclude>
    <ClInclude Include="Model.h">
      <Filter>Header Files\Frames h</Filter>
    </ClInclude>
    <ClInclude Include="Occluder.h">
      <Filter>Header Files\Frames h</Filter>
    </ClInclude>
    <ClInclude Include="Sector.h">
      <Filter>Header Files\Frames h</Filter>
    </ClInclude>
    <ClInclude Include="Soundi3d.h">
      <Filter>Header Files\Frames h</Filter>
    </ClInclude>
    <ClInclude Include="User.h">
      <Filter>Header Files\Frames h</Filter>
    </ClInclude>
    <ClInclude Include="Volume.h">
      <Filter>Header Files\Frames h</Filter>
    </ClInclude>
    <ClInclude Include="Object.h">
      <Filter>Header Files\Visuals h</Filter>
    </ClInclude>
    <ClInclude Include="Particle.h">
      <Filter>Header Files\Visuals h</Filter>
    </ClInclude>
    <ClInclude Include="Sng_mesh.h">
      <Filter>Header Files\Visuals h</Filter>
    </ClInclude>
    <ClInclude Include="Visual.h">
      <Filter>Header Files\Visuals h</Filter>
    </ClInclude>
    <ClInclude Include="pixel.h">
      <Filter>Shaders</Filter>
    </ClInclude>
    <ClInclude Include="vertex.h">
      <Filter>Shaders</Filter>
    </ClInclude>
  </ItemGroup>
  <ItemGroup>
    <Text Include="BBox.txt">
      <Filter>Text files</Filter>
    </Text>
  </ItemGroup>
  <ItemGroup>
    <CustomBuild Include="pixel.f">
      <Filter>Shaders</Filter>
    </CustomBuild>
    <CustomBuild Include="vertex.f">
      <Filter>Shaders</Filter>
    </CustomBuild>
  </ItemGroup>
</Project>