<?xml version="1.0" encoding="utf-8"?>
<Project ToolsVersion="4.0" xmlns="http://schemas.microsoft.com/developer/msbuild/2003">
  <ItemGroup>
    <Filter Include="Source Files">
      <UniqueIdentifier>{75ea6b66-bfe2-4ead-9c5c-74392afaadf0}</UniqueIdentifier>
      <Extensions>cpp;c;cxx;rc;def;r;odl;idl;hpj;bat</Extensions>
    </Filter>
    <Filter Include="Header Files">
      <UniqueIdentifier>{dddd9be5-eae6-4901-890d-36339b3b578b}</UniqueIdentifier>
      <Extensions>h;hpp;hxx;hm;inl</Extensions>
    </Filter>
  </ItemGroup>
  <ItemGroup>
    <ClCompile Include="geom.c">
      <Filter>Source Files</Filter>
    </ClCompile>
    <ClCompile Include="geom2.c">
      <Filter>Source Files</Filter>
    </ClCompile>
    <ClCompile Include="global.c">
      <Filter>Source Files</Filter>
    </ClCompile>
    <ClCompile Include="io.c">
      <Filter>Source Files</Filter>
    </ClCompile>
    <ClCompile Include="mem.c">
      <Filter>Source Files</Filter>
    </ClCompile>
    <ClCompile Include="mem_cpp.cpp">
      <Filter>Source Files</Filter>
    </ClCompile>
    <ClCompile Include="merge.c">
      <Filter>Source Files</Filter>
    </ClCompile>
    <ClCompile Include="poly.c">
      <Filter>Source Files</Filter>
    </ClCompile>
    <ClCompile Include="poly2.c">
      <Filter>Source Files</Filter>
    </ClCompile>
    <ClCompile Include="qhull.c">
      <Filter>Source Files</Filter>
    </ClCompile>
    <ClCompile Include="qset.c">
      <Filter>Source Files</Filter>
    </ClCompile>
    <ClCompile Include="stat.c">
      <Filter>Source Files</Filter>
    </ClCompile>
    <ClCompile Include="Thunk.cpp">
      <Filter>Source Files</Filter>
    </ClCompile>
    <ClCompile Include="user.c">
      <Filter>Source Files</Filter>
    </ClCompile>
  </ItemGroup>
  <ItemGroup>
    <ClInclude Include="geom.h">
      <Filter>Header Files</Filter>
    </ClInclude>
    <ClInclude Include="io.h">
      <Filter>Header Files</Filter>
    </ClInclude>
    <ClInclude Include="mem.h">
      <Filter>Header Files</Filter>
    </ClInclude>
    <ClInclude Include="merge.h">
      <Filter>Header Files</Filter>
    </ClInclude>
    <ClInclude Include="poly.h">
      <Filter>Header Files</Filter>
    </ClInclude>
    <ClInclude Include="qhull.h">
      <Filter>Header Files</Filter>
    </ClInclude>
    <ClInclude Include="qhull_a.h">
      <Filter>Header Files</Filter>
    </ClInclude>
    <ClInclude Include="qset.h">
      <Filter>Header Files</Filter>
    </ClInclude>
    <ClInclude Include="stat.h">
      <Filter>Header Files</Filter>
    </ClInclude>
    <ClInclude Include="user.h">
      <Filter>Header Files</Filter>
    </ClInclude>
  </ItemGroup>
</Project>