
Microsoft Visual Studio Solution File, Format Version 12.00
# Visual Studio Version 17
VisualStudioVersion = 17.2.32408.312
MinimumVisualStudioVersion = 10.0.40219.1
Project("{8BC9CEB8-8B4A-11D0-8D11-00A0C91BC942}") = "IPlayer", "ITest.vcxproj", "{5D737D7A-9389-4A64-A278-E7E758DEB3A6}"
	ProjectSection(ProjectDependencies) = postProject
		{D83CBF70-D43F-476D-9F4B-BF2AA934BEDB} = {D83CBF70-D43F-476D-9F4B-BF2AA934BEDB}
		{E50D4D68-D202-415A-AA63-9C36FA0BB7A0} = {E50D4D68-D202-415A-AA63-9C36FA0BB7A0}
		{C21DDACC-6EE6-4269-A09E-3FDED9397119} = {C21DDACC-6EE6-4269-A09E-3FDED9397119}
	EndProjectSection
EndProject
Project("{8BC9CEB8-8B4A-11D0-8D11-00A0C91BC942}") = "ICore", "..\..\Source\I3D2\i3d_2.vcxproj", "{09640EE2-1600-4E8A-A03A-2FACA4079E8D}"
EndProject
Project("{8BC9CEB8-8B4A-11D0-8D11-00A0C91BC942}") = "IEditor", "..\..\Source\IEditor\IEditor.vcxproj", "{9138BBB5-83D6-4BDB-840F-7935F442D15C}"
EndProject
Project("{8BC9CEB8-8B4A-11D0-8D11-00A0C91BC942}") = "IBaseLib", "..\..\Source\Base_lib\base_lib.vcxproj", "{C21DDACC-6EE6-4269-A09E-3FDED9397119}"
EndProject
Project("{8BC9CEB8-8B4A-11D0-8D11-00A0C91BC942}") = "IConfigStub", "..\..\Source\Config\Config_static.vcxproj", "{52E9DD7C-ACAF-4C38-978D-9036475C314B}"
EndProject
Project("{8BC9CEB8-8B4A-11D0-8D11-00A0C91BC942}") = "IConfig", "..\..\Source\Config\Config_dll.vcxproj", "{A5347006-0153-4BA5-8750-49975A12F765}"
	ProjectSection(ProjectDependencies) = postProject
		{C21DDACC-6EE6-4269-A09E-3FDED9397119} = {C21DDACC-6EE6-4269-A09E-3FDED9397119}
		{D83CBF70-D43F-476D-9F4B-BF2AA934BEDB} = {D83CBF70-D43F-476D-9F4B-BF2AA934BEDB}
	EndProjectSection
EndProject
Project("{8BC9CEB8-8B4A-11D0-8D11-00A0C91BC942}") = "IMemDbg", "..\..\Source\DebugMem\DebugMem.vcxproj", "{6C6E952C-F051-4CDB-869D-B3B7B3A75DB7}"
	ProjectSection(ProjectDependencies) = postProject
		{C21DDACC-6EE6-4269-A09E-3FDED9397119} = {C21DDACC-6EE6-4269-A09E-3FDED9397119}
		{D83CBF70-D43F-476D-9F4B-BF2AA934BEDB} = {D83CBF70-D43F-476D-9F4B-BF2AA934BEDB}
	EndProjectSection
EndProject
Project("{8BC9CEB8-8B4A-11D0-8D11-00A0C91BC942}") = "IDataRead", "..\..\Source\Dta_read\dta_read.vcxproj", "{D83CBF70-D43F-476D-9F4B-BF2AA934BEDB}"
	ProjectSection(ProjectDependencies) = postProject
		{0B25DA44-F6AA-4DFE-8431-96911B9B6E93} = {0B25DA44-F6AA-4DFE-8431-96911B9B6E93}
	EndProjectSection
EndProject
Project("{8BC9CEB8-8B4A-11D0-8D11-00A0C91BC942}") = "ICodeEditor", "..\..\Source\Editctrl\editctrl.vcxproj", "{AAFCF850-BC61-441F-B275-8B8BDD24AE7D}"
	ProjectSection(ProjectDependencies) = postProject
		{C21DDACC-6EE6-4269-A09E-3FDED9397119} = {C21DDACC-6EE6-4269-A09E-3FDED9397119}
	EndProjectSection
EndProject
Project("{8BC9CEB8-8B4A-11D0-8D11-00A0C91BC942}") = "ICrash", "..\..\Source\IExcept\Crash.vcxproj", "{A4F282A0-AE98-4FAC-A0E0-97EAAB4DAD90}"
	ProjectSection(ProjectDependencies) = postProject
		{D83CBF70-D43F-476D-9F4B-BF2AA934BEDB} = {D83CBF70-D43F-476D-9F4B-BF2AA934BEDB}
	EndProjectSection
EndProject
Project("{8BC9CEB8-8B4A-11D0-8D11-00A0C91BC942}") = "IGraph", "..\..\Source\IGraph2\igraph2.vcxproj", "{E50D4D68-D202-415A-AA63-9C36FA0BB7A0}"
EndProject
Project("{8BC9CEB8-8B4A-11D0-8D11-00A0C91BC942}") = "IHelpers", "..\..\Source\Insanity\Insanity.vcxproj", "{42E8FA28-85EE-4FF7-8A11-C0CB0095EF2B}"
EndProject
Project("{8BC9CEB8-8B4A-11D0-8D11-00A0C91BC942}") = "ISound", "..\..\Source\ISnd2\isnd2.vcxproj", "{103B845A-5EC7-4C70-9957-4D97CE49797B}"
EndProject
Project("{8BC9CEB8-8B4A-11D0-8D11-00A0C91BC942}") = "IPhysics", "..\..\Source\Physics\IPhysics.vcxproj", "{65450DEB-8A11-44BA-8CEC-F1A953C0263B}"
EndProject
Project("{8BC9CEB8-8B4A-11D0-8D11-00A0C91BC942}") = "QH2002", "..\..\Source\I3D2\QHull2002\src\QH2002.vcxproj", "{2037C7B3-75C5-4E0C-A01C-3F078A1AFB06}"
EndProject
Project("{8BC9CEB8-8B4A-11D0-8D11-00A0C91BC942}") = "ITabler", "..\..\Source\Tabler2\tabler2.vcxproj", "{3C312668-91A2-435E-8FF3-1C9A4FF85A37}"
	ProjectSection(ProjectDependencies) = postProject
		{42E8FA28-85EE-4FF7-8A11-C0CB0095EF2B} = {42E8FA28-85EE-4FF7-8A11-C0CB0095EF2B}
		{0B25DA44-F6AA-4DFE-8431-96911B9B6E93} = {0B25DA44-F6AA-4DFE-8431-96911B9B6E93}
	EndProjectSection
EndProject
Project("{8BC9CEB8-8B4A-11D0-8D11-00A0C91BC942}") = "IScript", "..\..\Source\Script\iscript.vcxproj", "{EF7005E4-30FB-4C8D-8165-6E18DD6EE3BE}"
EndProject
Project("{8BC9CEB8-8B4A-11D0-8D11-00A0C91BC942}") = "ISound_Thunk", "..\..\Source\ISnd2\Thunk\ISound_thunk.vcxproj", "{41249001-F34D-4D64-A3EA-515937BB36A5}"
EndProject
Project("{8BC9CEB8-8B4A-11D0-8D11-00A0C91BC942}") = "ogg", "..\..\Source\ISnd2\OggVorbis\Lib\Ogg\ogg.vcxproj", "{886A42A5-4D9B-4592-A0E2-C547E4E3014F}"
EndProject
Project("{8BC9CEB8-8B4A-11D0-8D11-00A0C91BC942}") = "vorbis", "..\..\Source\ISnd2\OggVorbis\Lib\Vorbis\vorbis.vcxproj", "{7F4D8623-718E-4ADA-9B3A-A372371F0B20}"
EndProject
Project("{8BC9CEB8-8B4A-11D0-8D11-00A0C91BC942}") = "PNG", "..\..\Source\IGraph2\PNG\PNG.vcxproj", "{9E803C12-B83A-4086-8C58-0DA7F7B97DB1}"
EndProject
Project("{8BC9CEB8-8B4A-11D0-8D11-00A0C91BC942}") = "ZLib", "..\..\Source\ZLib\ZLib.vcxproj", "{0B25DA44-F6AA-4DFE-8431-96911B9B6E93}"
EndProject
Project("{2150E333-8FDC-42A3-9474-1A3956D46DE8}") = "Engine", "Engine", "{2CDEA55A-846D-4AA0-A283-0F587DEB4EC8}"
EndProject
Project("{2150E333-8FDC-42A3-9474-1A3956D46DE8}") = "Libraries", "Libraries", "{305DEF9B-2906-48FD-9401-CFEBB616659C}"
EndProject
Project("{2150E333-8FDC-42A3-9474-1A3956D46DE8}") = "Applications", "Applications", "{122AF036-A6BB-46EA-99C6-07DC963205B6}"
EndProject
Global
	GlobalSection(SolutionConfigurationPlatforms) = preSolution
		Debug (No Editor)|Win32 = Debug (No Editor)|Win32
		Debug (No Editor)|x64 = Debug (No Editor)|x64
		Debug 4|Win32 = Debug 4|Win32
		Debug 4|x64 = Debug 4|x64
		Debug|Win32 = Debug|Win32
		Debug|x64 = Debug|x64
		Release (No editor)|Win32 = Release (No editor)|Win32
		Release (No editor)|x64 = Release (No editor)|x64
		Release 4|Win32 = Release 4|Win32
		Release 4|x64 = Release 4|x64
		Release|Win32 = Release|Win32
		Release|x64 = Release|x64
	EndGlobalSection
	GlobalSection(ProjectConfigurationPlatforms) = postSolution
		{5D737D7A-9389-4A64-A278-E7E758DEB3A6}.Debug (No Editor)|Win32.ActiveCfg = Debug (No Editor)|Win32
		{5D737D7A-9389-4A64-A278-E7E758DEB3A6}.Debug (No Editor)|Win32.Build.0 = Debug (No Editor)|Win32
		{5D737D7A-9389-4A64-A278-E7E758DEB3A6}.Debug (No Editor)|x64.ActiveCfg = Debug (No Editor)|Win32
		{5D737D7A-9389-4A64-A278-E7E758DEB3A6}.Debug (No Editor)|x64.Build.0 = Debug (No Editor)|Win32
		{5D737D7A-9389-4A64-A278-E7E758DEB3A6}.Debug 4|Win32.ActiveCfg = Debug GL|Win32
		{5D737D7A-9389-4A64-A278-E7E758DEB3A6}.Debug 4|Win32.Build.0 = Debug GL|Win32
		{5D737D7A-9389-4A64-A278-E7E758DEB3A6}.Debug 4|x64.ActiveCfg = Debug GL|Win32
		{5D737D7A-9389-4A64-A278-E7E758DEB3A6}.Debug 4|x64.Build.0 = Debug GL|Win32
		{5D737D7A-9389-4A64-A278-E7E758DEB3A6}.Debug|Win32.ActiveCfg = Debug|Win32
		{5D737D7A-9389-4A64-A278-E7E758DEB3A6}.Debug|Win32.Build.0 = Debug|Win32
		{5D737D7A-9389-4A64-A278-E7E758DEB3A6}.Debug|x64.ActiveCfg = Debug|Win32
		{5D737D7A-9389-4A64-A278-E7E758DEB3A6}.Debug|x64.Build.0 = Debug|Win32
		{5D737D7A-9389-4A64-A278-E7E758DEB3A6}.Release (No editor)|Win32.ActiveCfg = Release (No editor)|Win32
		{5D737D7A-9389-4A64-A278-E7E758DEB3A6}.Release (No editor)|Win32.Build.0 = Release (No editor)|Win32
		{5D737D7A-9389-4A64-A278-E7E758DEB3A6}.Release (No editor)|x64.ActiveCfg = Release (No editor)|Win32
		{5D737D7A-9389-4A64-A278-E7E758DEB3A6}.Release (No editor)|x64.Build.0 = Release (No editor)|Win32
		{5D737D7A-9389-4A64-A278-E7E758DEB3A6}.Release 4|Win32.ActiveCfg = Release|Win32
		{5D737D7A-9389-4A64-A278-E7E758DEB3A6}.Release 4|Win32.Build.0 = Release|Win32
		{5D737D7A-9389-4A64-A278-E7E758DEB3A6}.Release 4|x64.ActiveCfg = Release|Win32
		{5D737D7A-9389-4A64-A278-E7E758DEB3A6}.Release 4|x64.Build.0 = Release|Win32
		{5D737D7A-9389-4A64-A278-E7E758DEB3A6}.Release|Win32.ActiveCfg = Release|Win32
		{5D737D7A-9389-4A64-A278-E7E758DEB3A6}.Release|Win32.Build.0 = Release|Win32
		{5D737D7A-9389-4A64-A278-E7E758DEB3A6}.Release|x64.ActiveCfg = Release|Win32
		{5D737D7A-9389-4A64-A278-E7E758DEB3A6}.Release|x64.Build.0 = Release|Win32
		{09640EE2-1600-4E8A-A03A-2FACA4079E8D}.Debug (No Editor)|Win32.ActiveCfg = Debug (No Editor)|Win32
		{09640EE2-1600-4E8A-A03A-2FACA4079E8D}.Debug (No Editor)|Win32.Build.0 = Debug (No Editor)|Win32
		{09640EE2-1600-4E8A-A03A-2FACA4079E8D}.Debug (No Editor)|x64.ActiveCfg = Debug (No Editor)|Win32
		{09640EE2-1600-4E8A-A03A-2FACA4079E8D}.Debug (No Editor)|x64.Build.0 = Debug (No Editor)|Win32
		{09640EE2-1600-4E8A-A03A-2FACA4079E8D}.Debug 4|Win32.ActiveCfg = Debug|Win32
		{09640EE2-1600-4E8A-A03A-2FACA4079E8D}.Debug 4|Win32.Build.0 = Debug|Win32
		{09640EE2-1600-4E8A-A03A-2FACA4079E8D}.Debug 4|x64.ActiveCfg = Debug|Win32
		{09640EE2-1600-4E8A-A03A-2FACA4079E8D}.Debug 4|x64.Build.0 = Debug|Win32
		{09640EE2-1600-4E8A-A03A-2FACA4079E8D}.Debug|Win32.ActiveCfg = Debug|Win32
		{09640EE2-1600-4E8A-A03A-2FACA4079E8D}.Debug|Win32.Build.0 = Debug|Win32
		{09640EE2-1600-4E8A-A03A-2FACA4079E8D}.Debug|x64.ActiveCfg = Debug|Win32
		{09640EE2-1600-4E8A-A03A-2FACA4079E8D}.Debug|x64.Build.0 = Debug|Win32
		{09640EE2-1600-4E8A-A03A-2FACA4079E8D}.Release (No editor)|Win32.ActiveCfg = Release (No editor)|Win32
		{09640EE2-1600-4E8A-A03A-2FACA4079E8D}.Release (No editor)|Win32.Build.0 = Release (No editor)|Win32
		{09640EE2-1600-4E8A-A03A-2FACA4079E8D}.Release (No editor)|x64.ActiveCfg = Release (No editor)|Win32
		{09640EE2-1600-4E8A-A03A-2FACA4079E8D}.Release (No editor)|x64.Build.0 = Release (No editor)|Win32
		{09640EE2-1600-4E8A-A03A-2FACA4079E8D}.Release 4|Win32.ActiveCfg = Release|Win32
		{09640EE2-1600-4E8A-A03A-2FACA4079E8D}.Release 4|Win32.Build.0 = Release|Win32
		{09640EE2-1600-4E8A-A03A-2FACA4079E8D}.Release 4|x64.ActiveCfg = Release|Win32
		{09640EE2-1600-4E8A-A03A-2FACA4079E8D}.Release 4|x64.Build.0 = Release|Win32
		{09640EE2-1600-4E8A-A03A-2FACA4079E8D}.Release|Win32.ActiveCfg = Release|Win32
		{09640EE2-1600-4E8A-A03A-2FACA4079E8D}.Release|Win32.Build.0 = Release|Win32
		{09640EE2-1600-4E8A-A03A-2FACA4079E8D}.Release|x64.ActiveCfg = Release|Win32
		{09640EE2-1600-4E8A-A03A-2FACA4079E8D}.Release|x64.Build.0 = Release|Win32
		{9138BBB5-83D6-4BDB-840F-7935F442D15C}.Debug (No Editor)|Win32.ActiveCfg = Debug (No Editor)|Win32
		{9138BBB5-83D6-4BDB-840F-7935F442D15C}.Debug (No Editor)|Win32.Build.0 = Debug (No Editor)|Win32
		{9138BBB5-83D6-4BDB-840F-7935F442D15C}.Debug (No Editor)|x64.ActiveCfg = Debug (No Editor)|Win32
		{9138BBB5-83D6-4BDB-840F-7935F442D15C}.Debug (No Editor)|x64.Build.0 = Debug (No Editor)|Win32
		{9138BBB5-83D6-4BDB-840F-7935F442D15C}.Debug 4|Win32.ActiveCfg = Debug|Win32
		{9138BBB5-83D6-4BDB-840F-7935F442D15C}.Debug 4|Win32.Build.0 = Debug|Win32
		{9138BBB5-83D6-4BDB-840F-7935F442D15C}.Debug 4|x64.ActiveCfg = Debug|Win32
		{9138BBB5-83D6-4BDB-840F-7935F442D15C}.Debug 4|x64.Build.0 = Debug|Win32
		{9138BBB5-83D6-4BDB-840F-7935F442D15C}.Debug|Win32.ActiveCfg = Debug|Win32
		{9138BBB5-83D6-4BDB-840F-7935F442D15C}.Debug|Win32.Build.0 = Debug|Win32
		{9138BBB5-83D6-4BDB-840F-7935F442D15C}.Debug|x64.ActiveCfg = Debug|Win32
		{9138BBB5-83D6-4BDB-840F-7935F442D15C}.Debug|x64.Build.0 = Debug|Win32
		{9138BBB5-83D6-4BDB-840F-7935F442D15C}.Release (No editor)|Win32.ActiveCfg = Release (No editor)|Win32
		{9138BBB5-83D6-4BDB-840F-7935F442D15C}.Release (No editor)|Win32.Build.0 = Release (No editor)|Win32
		{9138BBB5-83D6-4BDB-840F-7935F442D15C}.Release (No editor)|x64.ActiveCfg = Release (No editor)|Win32
		{9138BBB5-83D6-4BDB-840F-7935F442D15C}.Release (No editor)|x64.Build.0 = Release (No editor)|Win32
		{9138BBB5-83D6-4BDB-840F-7935F442D15C}.Release 4|Win32.ActiveCfg = Release|Win32
		{9138BBB5-83D6-4BDB-840F-7935F442D15C}.Release 4|Win32.Build.0 = Release|Win32
		{9138BBB5-83D6-4BDB-840F-7935F442D15C}.Release 4|x64.ActiveCfg = Release|Win32
		{9138BBB5-83D6-4BDB-840F-7935F442D15C}.Release 4|x64.Build.0 = Release|Win32
		{9138BBB5-83D6-4BDB-840F-7935F442D15C}.Release|Win32.ActiveCfg = Release|Win32
		{9138BBB5-83D6-4BDB-840F-7935F442D15C}.Release|Win32.Build.0 = Release|Win32
		{9138BBB5-83D6-4BDB-840F-7935F442D15C}.Release|x64.ActiveCfg = Release|Win32
		{9138BBB5-83D6-4BDB-840F-7935F442D15C}.Release|x64.Build.0 = Release|Win32
		{C21DDACC-6EE6-4269-A09E-3FDED9397119}.Debug (No Editor)|Win32.ActiveCfg = Debug (No Editor)|Win32
		{C21DDACC-6EE6-4269-A09E-3FDED9397119}.Debug (No Editor)|Win32.Build.0 = Debug (No Editor)|Win32
		{C21DDACC-6EE6-4269-A09E-3FDED9397119}.Debug (No Editor)|x64.ActiveCfg = Debug (No Editor)|Win32
		{C21DDACC-6EE6-4269-A09E-3FDED9397119}.Debug (No Editor)|x64.Build.0 = Debug (No Editor)|Win32
		{C21DDACC-6EE6-4269-A09E-3FDED9397119}.Debug 4|Win32.ActiveCfg = Debug|Win32
		{C21DDACC-6EE6-4269-A09E-3FDED9397119}.Debug 4|Win32.Build.0 = Debug|Win32
		{C21DDACC-6EE6-4269-A09E-3FDED9397119}.Debug 4|x64.ActiveCfg = Debug|x64
		{C21DDACC-6EE6-4269-A09E-3FDED9397119}.Debug 4|x64.Build.0 = Debug|x64
		{C21DDACC-6EE6-4269-A09E-3FDED9397119}.Debug|Win32.ActiveCfg = Debug|Win32
		{C21DDACC-6EE6-4269-A09E-3FDED9397119}.Debug|Win32.Build.0 = Debug|Win32
		{C21DDACC-6EE6-4269-A09E-3FDED9397119}.Debug|x64.ActiveCfg = Debug|x64
		{C21DDACC-6EE6-4269-A09E-3FDED9397119}.Debug|x64.Build.0 = Debug|x64
		{C21DDACC-6EE6-4269-A09E-3FDED9397119}.Release (No editor)|Win32.ActiveCfg = Release (No editor)|Win32
		{C21DDACC-6EE6-4269-A09E-3FDED9397119}.Release (No editor)|Win32.Build.0 = Release (No editor)|Win32
		{C21DDACC-6EE6-4269-A09E-3FDED9397119}.Release (No editor)|x64.ActiveCfg = Release (No editor)|Win32
		{C21DDACC-6EE6-4269-A09E-3FDED9397119}.Release (No editor)|x64.Build.0 = Release (No editor)|Win32
		{C21DDACC-6EE6-4269-A09E-3FDED9397119}.Release 4|Win32.ActiveCfg = Release|Win32
		{C21DDACC-6EE6-4269-A09E-3FDED9397119}.Release 4|Win32.Build.0 = Release|Win32
		{C21DDACC-6EE6-4269-A09E-3FDED9397119}.Release 4|x64.ActiveCfg = Release|x64
		{C21DDACC-6EE6-4269-A09E-3FDED9397119}.Release 4|x64.Build.0 = Release|x64
		{C21DDACC-6EE6-4269-A09E-3FDED9397119}.Release|Win32.ActiveCfg = Release|Win32
		{C21DDACC-6EE6-4269-A09E-3FDED9397119}.Release|Win32.Build.0 = Release|Win32
		{C21DDACC-6EE6-4269-A09E-3FDED9397119}.Release|x64.ActiveCfg = Release|x64
		{C21DDACC-6EE6-4269-A09E-3FDED9397119}.Release|x64.Build.0 = Release|x64
		{52E9DD7C-ACAF-4C38-978D-9036475C314B}.Debug (No Editor)|Win32.ActiveCfg = Debug (No Editor)|Win32
		{52E9DD7C-ACAF-4C38-978D-9036475C314B}.Debug (No Editor)|Win32.Build.0 = Debug (No Editor)|Win32
		{52E9DD7C-ACAF-4C38-978D-9036475C314B}.Debug (No Editor)|x64.ActiveCfg = Debug (No Editor)|Win32
		{52E9DD7C-ACAF-4C38-978D-9036475C314B}.Debug (No Editor)|x64.Build.0 = Debug (No Editor)|Win32
		{52E9DD7C-ACAF-4C38-978D-9036475C314B}.Debug 4|Win32.ActiveCfg = Debug|Win32
		{52E9DD7C-ACAF-4C38-978D-9036475C314B}.Debug 4|Win32.Build.0 = Debug|Win32
		{52E9DD7C-ACAF-4C38-978D-9036475C314B}.Debug 4|x64.ActiveCfg = Debug|Win32
		{52E9DD7C-ACAF-4C38-978D-9036475C314B}.Debug 4|x64.Build.0 = Debug|Win32
		{52E9DD7C-ACAF-4C38-978D-9036475C314B}.Debug|Win32.ActiveCfg = Debug|Win32
		{52E9DD7C-ACAF-4C38-978D-9036475C314B}.Debug|Win32.Build.0 = Debug|Win32
		{52E9DD7C-ACAF-4C38-978D-9036475C314B}.Debug|x64.ActiveCfg = Debug|Win32
		{52E9DD7C-ACAF-4C38-978D-9036475C314B}.Debug|x64.Build.0 = Debug|Win32
		{52E9DD7C-ACAF-4C38-978D-9036475C314B}.Release (No editor)|Win32.ActiveCfg = Release (No editor)|Win32
		{52E9DD7C-ACAF-4C38-978D-9036475C314B}.Release (No editor)|Win32.Build.0 = Release (No editor)|Win32
		{52E9DD7C-ACAF-4C38-978D-9036475C314B}.Release (No editor)|x64.ActiveCfg = Release (No editor)|Win32
		{52E9DD7C-ACAF-4C38-978D-9036475C314B}.Release (No editor)|x64.Build.0 = Release (No editor)|Win32
		{52E9DD7C-ACAF-4C38-978D-9036475C314B}.Release 4|Win32.ActiveCfg = Release|Win32
		{52E9DD7C-ACAF-4C38-978D-9036475C314B}.Release 4|Win32.Build.0 = Release|Win32
		{52E9DD7C-ACAF-4C38-978D-9036475C314B}.Release 4|x64.ActiveCfg = Release|Win32
		{52E9DD7C-ACAF-4C38-978D-9036475C314B}.Release 4|x64.Build.0 = Release|Win32
		{52E9DD7C-ACAF-4C38-978D-9036475C314B}.Release|Win32.ActiveCfg = Release|Win32
		{52E9DD7C-ACAF-4C38-978D-9036475C314B}.Release|Win32.Build.0 = Release|Win32
		{52E9DD7C-ACAF-4C38-978D-9036475C314B}.Release|x64.ActiveCfg = Release|Win32
		{52E9DD7C-ACAF-4C38-978D-9036475C314B}.Release|x64.Build.0 = Release|Win32
		{A5347006-0153-4BA5-8750-49975A12F765}.Debug (No Editor)|Win32.ActiveCfg = Debug (No Editor)|Win32
		{A5347006-0153-4BA5-8750-49975A12F765}.Debug (No Editor)|Win32.Build.0 = Debug (No Editor)|Win32
		{A5347006-0153-4BA5-8750-49975A12F765}.Debug (No Editor)|x64.ActiveCfg = Debug (No Editor)|Win32
		{A5347006-0153-4BA5-8750-49975A12F765}.Debug (No Editor)|x64.Build.0 = Debug (No Editor)|Win32
		{A5347006-0153-4BA5-8750-49975A12F765}.Debug 4|Win32.ActiveCfg = Debug|Win32
		{A5347006-0153-4BA5-8750-49975A12F765}.Debug 4|Win32.Build.0 = Debug|Win32
		{A5347006-0153-4BA5-8750-49975A12F765}.Debug 4|x64.ActiveCfg = Debug|Win32
		{A5347006-0153-4BA5-8750-49975A12F765}.Debug 4|x64.Build.0 = Debug|Win32
		{A5347006-0153-4BA5-8750-49975A12F765}.Debug|Win32.ActiveCfg = Debug|Win32
		{A5347006-0153-4BA5-8750-49975A12F765}.Debug|Win32.Build.0 = Debug|Win32
		{A5347006-0153-4BA5-8750-49975A12F765}.Debug|x64.ActiveCfg = Debug|Win32
		{A5347006-0153-4BA5-8750-49975A12F765}.Debug|x64.Build.0 = Debug|Win32
		{A5347006-0153-4BA5-8750-49975A12F765}.Release (No editor)|Win32.ActiveCfg = Release (No editor)|Win32
		{A5347006-0153-4BA5-8750-49975A12F765}.Release (No editor)|Win32.Build.0 = Release (No editor)|Win32
		{A5347006-0153-4BA5-8750-49975A12F765}.Release (No editor)|x64.ActiveCfg = Release (No editor)|Win32
		{A5347006-0153-4BA5-8750-49975A12F765}.Release (No editor)|x64.Build.0 = Release (No editor)|Win32
		{A5347006-0153-4BA5-8750-49975A12F765}.Release 4|Win32.ActiveCfg = Release|Win32
		{A5347006-0153-4BA5-8750-49975A12F765}.Release 4|Win32.Build.0 = Release|Win32
		{A5347006-0153-4BA5-8750-49975A12F765}.Release 4|x64.ActiveCfg = Release|Win32
		{A5347006-0153-4BA5-8750-49975A12F765}.Release 4|x64.Build.0 = Release|Win32
		{A5347006-0153-4BA5-8750-49975A12F765}.Release|Win32.ActiveCfg = Release|Win32
		{A5347006-0153-4BA5-8750-49975A12F765}.Release|Win32.Build.0 = Release|Win32
		{A5347006-0153-4BA5-8750-49975A12F765}.Release|x64.ActiveCfg = Release|Win32
		{A5347006-0153-4BA5-8750-49975A12F765}.Release|x64.Build.0 = Release|Win32
		{6C6E952C-F051-4CDB-869D-B3B7B3A75DB7}.Debug (No Editor)|Win32.ActiveCfg = Debug (No Editor)|Win32
		{6C6E952C-F051-4CDB-869D-B3B7B3A75DB7}.Debug (No Editor)|Win32.Build.0 = Debug (No Editor)|Win32
		{6C6E952C-F051-4CDB-869D-B3B7B3A75DB7}.Debug (No Editor)|x64.ActiveCfg = Debug (No Editor)|Win32
		{6C6E952C-F051-4CDB-869D-B3B7B3A75DB7}.Debug (No Editor)|x64.Build.0 = Debug (No Editor)|Win32
		{6C6E952C-F051-4CDB-869D-B3B7B3A75DB7}.Debug 4|Win32.ActiveCfg = Release|Win32
		{6C6E952C-F051-4CDB-869D-B3B7B3A75DB7}.Debug 4|Win32.Build.0 = Release|Win32
		{6C6E952C-F051-4CDB-869D-B3B7B3A75DB7}.Debug 4|x64.ActiveCfg = Release|Win32
		{6C6E952C-F051-4CDB-869D-B3B7B3A75DB7}.Debug 4|x64.Build.0 = Release|Win32
		{6C6E952C-F051-4CDB-869D-B3B7B3A75DB7}.Debug|Win32.ActiveCfg = Release|Win32
		{6C6E952C-F051-4CDB-869D-B3B7B3A75DB7}.Debug|Win32.Build.0 = Release|Win32
		{6C6E952C-F051-4CDB-869D-B3B7B3A75DB7}.Debug|x64.ActiveCfg = Release|Win32
		{6C6E952C-F051-4CDB-869D-B3B7B3A75DB7}.Debug|x64.Build.0 = Release|Win32
		{6C6E952C-F051-4CDB-869D-B3B7B3A75DB7}.Release (No editor)|Win32.ActiveCfg = Release (No editor)|Win32
		{6C6E952C-F051-4CDB-869D-B3B7B3A75DB7}.Release (No editor)|Win32.Build.0 = Release (No editor)|Win32
		{6C6E952C-F051-4CDB-869D-B3B7B3A75DB7}.Release (No editor)|x64.ActiveCfg = Release (No editor)|Win32
		{6C6E952C-F051-4CDB-869D-B3B7B3A75DB7}.Release (No editor)|x64.Build.0 = Release (No editor)|Win32
		{6C6E952C-F051-4CDB-869D-B3B7B3A75DB7}.Release 4|Win32.ActiveCfg = Release|Win32
		{6C6E952C-F051-4CDB-869D-B3B7B3A75DB7}.Release 4|Win32.Build.0 = Release|Win32
		{6C6E952C-F051-4CDB-869D-B3B7B3A75DB7}.Release 4|x64.ActiveCfg = Release|Win32
		{6C6E952C-F051-4CDB-869D-B3B7B3A75DB7}.Release 4|x64.Build.0 = Release|Win32
		{6C6E952C-F051-4CDB-869D-B3B7B3A75DB7}.Release|Win32.ActiveCfg = Release|Win32
		{6C6E952C-F051-4CDB-869D-B3B7B3A75DB7}.Release|Win32.Build.0 = Release|Win32
		{6C6E952C-F051-4CDB-869D-B3B7B3A75DB7}.Release|x64.ActiveCfg = Release|Win32
		{6C6E952C-F051-4CDB-869D-B3B7B3A75DB7}.Release|x64.Build.0 = Release|Win32
		{D83CBF70-D43F-476D-9F4B-BF2AA934BEDB}.Debug (No Editor)|Win32.ActiveCfg = Debug (No Editor)|Win32
		{D83CBF70-D43F-476D-9F4B-BF2AA934BEDB}.Debug (No Editor)|Win32.Build.0 = Debug (No Editor)|Win32
		{D83CBF70-D43F-476D-9F4B-BF2AA934BEDB}.Debug (No Editor)|x64.ActiveCfg = Debug (No Editor)|Win32
		{D83CBF70-D43F-476D-9F4B-BF2AA934BEDB}.Debug (No Editor)|x64.Build.0 = Debug (No Editor)|Win32
		{D83CBF70-D43F-476D-9F4B-BF2AA934BEDB}.Debug 4|Win32.ActiveCfg = Debug|Win32
		{D83CBF70-D43F-476D-9F4B-BF2AA934BEDB}.Debug 4|Win32.Build.0 = Debug|Win32
		{D83CBF70-D43F-476D-9F4B-BF2AA934BEDB}.Debug 4|x64.ActiveCfg = Debug|x64
		{D83CBF70-D43F-476D-9F4B-BF2AA934BEDB}.Debug 4|x64.Build.0 = Debug|x64
		{D83CBF70-D43F-476D-9F4B-BF2AA934BEDB}.Debug|Win32.ActiveCfg = Release|Win32
		{D83CBF70-D43F-476D-9F4B-BF2AA934BEDB}.Debug|Win32.Build.0 = Release|Win32
		{D83CBF70-D43F-476D-9F4B-BF2AA934BEDB}.Debug|x64.ActiveCfg = Debug|x64
		{D83CBF70-D43F-476D-9F4B-BF2AA934BEDB}.Debug|x64.Build.0 = Debug|x64
		{D83CBF70-D43F-476D-9F4B-BF2AA934BEDB}.Release (No editor)|Win32.ActiveCfg = Release (No editor)|Win32
		{D83CBF70-D43F-476D-9F4B-BF2AA934BEDB}.Release (No editor)|Win32.Build.0 = Release (No editor)|Win32
		{D83CBF70-D43F-476D-9F4B-BF2AA934BEDB}.Release (No editor)|x64.ActiveCfg = Release (No editor)|Win32
		{D83CBF70-D43F-476D-9F4B-BF2AA934BEDB}.Release (No editor)|x64.Build.0 = Release (No editor)|Win32
		{D83CBF70-D43F-476D-9F4B-BF2AA934BEDB}.Release 4|Win32.ActiveCfg = Release|Win32
		{D83CBF70-D43F-476D-9F4B-BF2AA934BEDB}.Release 4|Win32.Build.0 = Release|Win32
		{D83CBF70-D43F-476D-9F4B-BF2AA934BEDB}.Release 4|x64.ActiveCfg = Release|x64
		{D83CBF70-D43F-476D-9F4B-BF2AA934BEDB}.Release 4|x64.Build.0 = Release|x64
		{D83CBF70-D43F-476D-9F4B-BF2AA934BEDB}.Release|Win32.ActiveCfg = Release|Win32
		{D83CBF70-D43F-476D-9F4B-BF2AA934BEDB}.Release|Win32.Build.0 = Release|Win32
		{D83CBF70-D43F-476D-9F4B-BF2AA934BEDB}.Release|x64.ActiveCfg = Release|x64
		{D83CBF70-D43F-476D-9F4B-BF2AA934BEDB}.Release|x64.Build.0 = Release|x64
		{AAFCF850-BC61-441F-B275-8B8BDD24AE7D}.Debug (No Editor)|Win32.ActiveCfg = Debug (No Editor)|Win32
		{AAFCF850-BC61-441F-B275-8B8BDD24AE7D}.Debug (No Editor)|Win32.Build.0 = Debug (No Editor)|Win32
		{AAFCF850-BC61-441F-B275-8B8BDD24AE7D}.Debug (No Editor)|x64.ActiveCfg = Debug (No Editor)|Win32
		{AAFCF850-BC61-441F-B275-8B8BDD24AE7D}.Debug (No Editor)|x64.Build.0 = Debug (No Editor)|Win32
		{AAFCF850-BC61-441F-B275-8B8BDD24AE7D}.Debug 4|Win32.ActiveCfg = Debug|Win32
		{AAFCF850-BC61-441F-B275-8B8BDD24AE7D}.Debug 4|Win32.Build.0 = Debug|Win32
		{AAFCF850-BC61-441F-B275-8B8BDD24AE7D}.Debug 4|x64.ActiveCfg = Debug|Win32
		{AAFCF850-BC61-441F-B275-8B8BDD24AE7D}.Debug 4|x64.Build.0 = Debug|Win32
		{AAFCF850-BC61-441F-B275-8B8BDD24AE7D}.Debug|Win32.ActiveCfg = Debug|Win32
		{AAFCF850-BC61-441F-B275-8B8BDD24AE7D}.Debug|Win32.Build.0 = Debug|Win32
		{AAFCF850-BC61-441F-B275-8B8BDD24AE7D}.Debug|x64.ActiveCfg = Debug|Win32
		{AAFCF850-BC61-441F-B275-8B8BDD24AE7D}.Debug|x64.Build.0 = Debug|Win32
		{AAFCF850-BC61-441F-B275-8B8BDD24AE7D}.Release (No editor)|Win32.ActiveCfg = Release (No editor)|Win32
		{AAFCF850-BC61-441F-B275-8B8BDD24AE7D}.Release (No editor)|Win32.Build.0 = Release (No editor)|Win32
		{AAFCF850-BC61-441F-B275-8B8BDD24AE7D}.Release (No editor)|x64.ActiveCfg = Release (No editor)|Win32
		{AAFCF850-BC61-441F-B275-8B8BDD24AE7D}.Release (No editor)|x64.Build.0 = Release (No editor)|Win32
		{AAFCF850-BC61-441F-B275-8B8BDD24AE7D}.Release 4|Win32.ActiveCfg = Release|Win32
		{AAFCF850-BC61-441F-B275-8B8BDD24AE7D}.Release 4|Win32.Build.0 = Release|Win32
		{AAFCF850-BC61-441F-B275-8B8BDD24AE7D}.Release 4|x64.ActiveCfg = Release|Win32
		{AAFCF850-BC61-441F-B275-8B8BDD24AE7D}.Release 4|x64.Build.0 = Release|Win32
		{AAFCF850-BC61-441F-B275-8B8BDD24AE7D}.Release|Win32.ActiveCfg = Release|Win32
		{AAFCF850-BC61-441F-B275-8B8BDD24AE7D}.Release|Win32.Build.0 = Release|Win32
		{AAFCF850-BC61-441F-B275-8B8BDD24AE7D}.Release|x64.ActiveCfg = Release|Win32
		{AAFCF850-BC61-441F-B275-8B8BDD24AE7D}.Release|x64.Build.0 = Release|Win32
		{A4F282A0-AE98-4FAC-A0E0-97EAAB4DAD90}.Debug (No Editor)|Win32.ActiveCfg = Debug (No Editor)|Win32
		{A4F282A0-AE98-4FAC-A0E0-97EAAB4DAD90}.Debug (No Editor)|Win32.Build.0 = Debug (No Editor)|Win32
		{A4F282A0-AE98-4FAC-A0E0-97EAAB4DAD90}.Debug (No Editor)|x64.ActiveCfg = Debug (No Editor)|Win32
		{A4F282A0-AE98-4FAC-A0E0-97EAAB4DAD90}.Debug (No Editor)|x64.Build.0 = Debug (No Editor)|Win32
		{A4F282A0-AE98-4FAC-A0E0-97EAAB4DAD90}.Debug 4|Win32.ActiveCfg = Release|Win32
		{A4F282A0-AE98-4FAC-A0E0-97EAAB4DAD90}.Debug 4|Win32.Build.0 = Release|Win32
		{A4F282A0-AE98-4FAC-A0E0-97EAAB4DAD90}.Debug 4|x64.ActiveCfg = Release|Win32
		{A4F282A0-AE98-4FAC-A0E0-97EAAB4DAD90}.Debug 4|x64.Build.0 = Release|Win32
		{A4F282A0-AE98-4FAC-A0E0-97EAAB4DAD90}.Debug|Win32.ActiveCfg = Release|Win32
		{A4F282A0-AE98-4FAC-A0E0-97EAAB4DAD90}.Debug|Win32.Build.0 = Release|Win32
		{A4F282A0-AE98-4FAC-A0E0-97EAAB4DAD90}.Debug|x64.ActiveCfg = Release|Win32
		{A4F282A0-AE98-4FAC-A0E0-97EAAB4DAD90}.Debug|x64.Build.0 = Release|Win32
		{A4F282A0-AE98-4FAC-A0E0-97EAAB4DAD90}.Release (No editor)|Win32.ActiveCfg = Release (No editor)|Win32
		{A4F282A0-AE98-4FAC-A0E0-97EAAB4DAD90}.Release (No editor)|Win32.Build.0 = Release (No editor)|Win32
		{A4F282A0-AE98-4FAC-A0E0-97EAAB4DAD90}.Release (No editor)|x64.ActiveCfg = Release (No editor)|Win32
		{A4F282A0-AE98-4FAC-A0E0-97EAAB4DAD90}.Release (No editor)|x64.Build.0 = Release (No editor)|Win32
		{A4F282A0-AE98-4FAC-A0E0-97EAAB4DAD90}.Release 4|Win32.ActiveCfg = Release|Win32
		{A4F282A0-AE98-4FAC-A0E0-97EAAB4DAD90}.Release 4|Win32.Build.0 = Release|Win32
		{A4F282A0-AE98-4FAC-A0E0-97EAAB4DAD90}.Release 4|x64.ActiveCfg = Release|Win32
		{A4F282A0-AE98-4FAC-A0E0-97EAAB4DAD90}.Release 4|x64.Build.0 = Release|Win32
		{A4F282A0-AE98-4FAC-A0E0-97EAAB4DAD90}.Release|Win32.ActiveCfg = Release|Win32
		{A4F282A0-AE98-4FAC-A0E0-97EAAB4DAD90}.Release|Win32.Build.0 = Release|Win32
		{A4F282A0-AE98-4FAC-A0E0-97EAAB4DAD90}.Release|x64.ActiveCfg = Release|Win32
		{A4F282A0-AE98-4FAC-A0E0-97EAAB4DAD90}.Release|x64.Build.0 = Release|Win32
		{E50D4D68-D202-415A-AA63-9C36FA0BB7A0}.Debug (No Editor)|Win32.ActiveCfg = Debug (No Editor)|Win32
		{E50D4D68-D202-415A-AA63-9C36FA0BB7A0}.Debug (No Editor)|Win32.Build.0 = Debug (No Editor)|Win32
		{E50D4D68-D202-415A-AA63-9C36FA0BB7A0}.Debug (No Editor)|x64.ActiveCfg = Debug (No Editor)|Win32
		{E50D4D68-D202-415A-AA63-9C36FA0BB7A0}.Debug (No Editor)|x64.Build.0 = Debug (No Editor)|Win32
		{E50D4D68-D202-415A-AA63-9C36FA0BB7A0}.Debug 4|Win32.ActiveCfg = Debug|Win32
		{E50D4D68-D202-415A-AA63-9C36FA0BB7A0}.Debug 4|Win32.Build.0 = Debug|Win32
		{E50D4D68-D202-415A-AA63-9C36FA0BB7A0}.Debug 4|x64.ActiveCfg = Debug|Win32
		{E50D4D68-D202-415A-AA63-9C36FA0BB7A0}.Debug 4|x64.Build.0 = Debug|Win32
		{E50D4D68-D202-415A-AA63-9C36FA0BB7A0}.Debug|Win32.ActiveCfg = Debug|Win32
		{E50D4D68-D202-415A-AA63-9C36FA0BB7A0}.Debug|Win32.Build.0 = Debug|Win32
		{E50D4D68-D202-415A-AA63-9C36FA0BB7A0}.Debug|x64.ActiveCfg = Debug|Win32
		{E50D4D68-D202-415A-AA63-9C36FA0BB7A0}.Debug|x64.Build.0 = Debug|Win32
		{E50D4D68-D202-415A-AA63-9C36FA0BB7A0}.Release (No editor)|Win32.ActiveCfg = Release (No editor)|Win32
		{E50D4D68-D202-415A-AA63-9C36FA0BB7A0}.Release (No editor)|Win32.Build.0 = Release (No editor)|Win32
		{E50D4D68-D202-415A-AA63-9C36FA0BB7A0}.Release (No editor)|x64.ActiveCfg = Release (No editor)|Win32
		{E50D4D68-D202-415A-AA63-9C36FA0BB7A0}.Release (No editor)|x64.Build.0 = Release (No editor)|Win32
		{E50D4D68-D202-415A-AA63-9C36FA0BB7A0}.Release 4|Win32.ActiveCfg = Release|Win32
		{E50D4D68-D202-415A-AA63-9C36FA0BB7A0}.Release 4|Win32.Build.0 = Release|Win32
		{E50D4D68-D202-415A-AA63-9C36FA0BB7A0}.Release 4|x64.ActiveCfg = Release|Win32
		{E50D4D68-D202-415A-AA63-9C36FA0BB7A0}.Release 4|x64.Build.0 = Release|Win32
		{E50D4D68-D202-415A-AA63-9C36FA0BB7A0}.Release|Win32.ActiveCfg = Release|Win32
		{E50D4D68-D202-415A-AA63-9C36FA0BB7A0}.Release|Win32.Build.0 = Release|Win32
		{E50D4D68-D202-415A-AA63-9C36FA0BB7A0}.Release|x64.ActiveCfg = Release|Win32
		{E50D4D68-D202-415A-AA63-9C36FA0BB7A0}.Release|x64.Build.0 = Release|Win32
		{42E8FA28-85EE-4FF7-8A11-C0CB0095EF2B}.Debug (No Editor)|Win32.ActiveCfg = Debug (No Editor)|Win32
		{42E8FA28-85EE-4FF7-8A11-C0CB0095EF2B}.Debug (No Editor)|Win32.Build.0 = Debug (No Editor)|Win32
		{42E8FA28-85EE-4FF7-8A11-C0CB0095EF2B}.Debug (No Editor)|x64.ActiveCfg = Debug (No Editor)|Win32
		{42E8FA28-85EE-4FF7-8A11-C0CB0095EF2B}.Debug (No Editor)|x64.Build.0 = Debug (No Editor)|Win32
		{42E8FA28-85EE-4FF7-8A11-C0CB0095EF2B}.Debug 4|Win32.ActiveCfg = Debug|Win32
		{42E8FA28-85EE-4FF7-8A11-C0CB0095EF2B}.Debug 4|Win32.Build.0 = Debug|Win32
		{42E8FA28-85EE-4FF7-8A11-C0CB0095EF2B}.Debug 4|x64.ActiveCfg = Debug|Win32
		{42E8FA28-85EE-4FF7-8A11-C0CB0095EF2B}.Debug 4|x64.Build.0 = Debug|Win32
		{42E8FA28-85EE-4FF7-8A11-C0CB0095EF2B}.Debug|Win32.ActiveCfg = Debug|Win32
		{42E8FA28-85EE-4FF7-8A11-C0CB0095EF2B}.Debug|Win32.Build.0 = Debug|Win32
		{42E8FA28-85EE-4FF7-8A11-C0CB0095EF2B}.Debug|x64.ActiveCfg = Debug|Win32
		{42E8FA28-85EE-4FF7-8A11-C0CB0095EF2B}.Debug|x64.Build.0 = Debug|Win32
		{42E8FA28-85EE-4FF7-8A11-C0CB0095EF2B}.Release (No editor)|Win32.ActiveCfg = Release (No editor)|Win32
		{42E8FA28-85EE-4FF7-8A11-C0CB0095EF2B}.Release (No editor)|Win32.Build.0 = Release (No editor)|Win32
		{42E8FA28-85EE-4FF7-8A11-C0CB0095EF2B}.Release (No editor)|x64.ActiveCfg = Release (No editor)|Win32
		{42E8FA28-85EE-4FF7-8A11-C0CB0095EF2B}.Release (No editor)|x64.Build.0 = Release (No editor)|Win32
		{42E8FA28-85EE-4FF7-8A11-C0CB0095EF2B}.Release 4|Win32.ActiveCfg = Release|Win32
		{42E8FA28-85EE-4FF7-8A11-C0CB0095EF2B}.Release 4|Win32.Build.0 = Release|Win32
		{42E8FA28-85EE-4FF7-8A11-C0CB0095EF2B}.Release 4|x64.ActiveCfg = Release|Win32
		{42E8FA28-85EE-4FF7-8A11-C0CB0095EF2B}.Release 4|x64.Build.0 = Release|Win32
		{42E8FA28-85EE-4FF7-8A11-C0CB0095EF2B}.Release|Win32.ActiveCfg = Release|Win32
		{42E8FA28-85EE-4FF7-8A11-C0CB0095EF2B}.Release|Win32.Build.0 = Release|Win32
		{42E8FA28-85EE-4FF7-8A11-C0CB0095EF2B}.Release|x64.ActiveCfg = Release|Win32
		{42E8FA28-85EE-4FF7-8A11-C0CB0095EF2B}.Release|x64.Build.0 = Release|Win32
		{103B845A-5EC7-4C70-9957-4D97CE49797B}.Debug (No Editor)|Win32.ActiveCfg = Debug (No Editor)|Win32
		{103B845A-5EC7-4C70-9957-4D97CE49797B}.Debug (No Editor)|Win32.Build.0 = Debug (No Editor)|Win32
		{103B845A-5EC7-4C70-9957-4D97CE49797B}.Debug (No Editor)|x64.ActiveCfg = Debug (No Editor)|Win32
		{103B845A-5EC7-4C70-9957-4D97CE49797B}.Debug (No Editor)|x64.Build.0 = Debug (No Editor)|Win32
		{103B845A-5EC7-4C70-9957-4D97CE49797B}.Debug 4|Win32.ActiveCfg = Debug|Win32
		{103B845A-5EC7-4C70-9957-4D97CE49797B}.Debug 4|Win32.Build.0 = Debug|Win32
		{103B845A-5EC7-4C70-9957-4D97CE49797B}.Debug 4|x64.ActiveCfg = Debug|Win32
		{103B845A-5EC7-4C70-9957-4D97CE49797B}.Debug 4|x64.Build.0 = Debug|Win32
		{103B845A-5EC7-4C70-9957-4D97CE49797B}.Debug|Win32.ActiveCfg = Debug|Win32
		{103B845A-5EC7-4C70-9957-4D97CE49797B}.Debug|Win32.Build.0 = Debug|Win32
		{103B845A-5EC7-4C70-9957-4D97CE49797B}.Debug|x64.ActiveCfg = Debug|Win32
		{103B845A-5EC7-4C70-9957-4D97CE49797B}.Debug|x64.Build.0 = Debug|Win32
		{103B845A-5EC7-4C70-9957-4D97CE49797B}.Release (No editor)|Win32.ActiveCfg = Release (No editor)|Win32
		{103B845A-5EC7-4C70-9957-4D97CE49797B}.Release (No editor)|Win32.Build.0 = Release (No editor)|Win32
		{103B845A-5EC7-4C70-9957-4D97CE49797B}.Release (No editor)|x64.ActiveCfg = Release (No editor)|Win32
		{103B845A-5EC7-4C70-9957-4D97CE49797B}.Release (No editor)|x64.Build.0 = Release (No editor)|Win32
		{103B845A-5EC7-4C70-9957-4D97CE49797B}.Release 4|Win32.ActiveCfg = Release|Win32
		{103B845A-5EC7-4C70-9957-4D97CE49797B}.Release 4|Win32.Build.0 = Release|Win32
		{103B845A-5EC7-4C70-9957-4D97CE49797B}.Release 4|x64.ActiveCfg = Release|Win32
		{103B845A-5EC7-4C70-9957-4D97CE49797B}.Release 4|x64.Build.0 = Release|Win32
		{103B845A-5EC7-4C70-9957-4D97CE49797B}.Release|Win32.ActiveCfg = Release|Win32
		{103B845A-5EC7-4C70-9957-4D97CE49797B}.Release|Win32.Build.0 = Release|Win32
		{103B845A-5EC7-4C70-9957-4D97CE49797B}.Release|x64.ActiveCfg = Release|Win32
		{103B845A-5EC7-4C70-9957-4D97CE49797B}.Release|x64.Build.0 = Release|Win32
		{65450DEB-8A11-44BA-8CEC-F1A953C0263B}.Debug (No Editor)|Win32.ActiveCfg = Debug (No Editor)|Win32
		{65450DEB-8A11-44BA-8CEC-F1A953C0263B}.Debug (No Editor)|Win32.Build.0 = Debug (No Editor)|Win32
		{65450DEB-8A11-44BA-8CEC-F1A953C0263B}.Debug (No Editor)|x64.ActiveCfg = Debug (No Editor)|Win32
		{65450DEB-8A11-44BA-8CEC-F1A953C0263B}.Debug (No Editor)|x64.Build.0 = Debug (No Editor)|Win32
		{65450DEB-8A11-44BA-8CEC-F1A953C0263B}.Debug 4|Win32.ActiveCfg = Debug|Win32
		{65450DEB-8A11-44BA-8CEC-F1A953C0263B}.Debug 4|Win32.Build.0 = Debug|Win32
		{65450DEB-8A11-44BA-8CEC-F1A953C0263B}.Debug 4|x64.ActiveCfg = Debug|Win32
		{65450DEB-8A11-44BA-8CEC-F1A953C0263B}.Debug 4|x64.Build.0 = Debug|Win32
		{65450DEB-8A11-44BA-8CEC-F1A953C0263B}.Debug|Win32.ActiveCfg = Debug|Win32
		{65450DEB-8A11-44BA-8CEC-F1A953C0263B}.Debug|Win32.Build.0 = Debug|Win32
		{65450DEB-8A11-44BA-8CEC-F1A953C0263B}.Debug|x64.ActiveCfg = Debug|Win32
		{65450DEB-8A11-44BA-8CEC-F1A953C0263B}.Debug|x64.Build.0 = Debug|Win32
		{65450DEB-8A11-44BA-8CEC-F1A953C0263B}.Release (No editor)|Win32.ActiveCfg = Release (No editor)|Win32
		{65450DEB-8A11-44BA-8CEC-F1A953C0263B}.Release (No editor)|Win32.Build.0 = Release (No editor)|Win32
		{65450DEB-8A11-44BA-8CEC-F1A953C0263B}.Release (No editor)|x64.ActiveCfg = Release (No editor)|Win32
		{65450DEB-8A11-44BA-8CEC-F1A953C0263B}.Release (No editor)|x64.Build.0 = Release (No editor)|Win32
		{65450DEB-8A11-44BA-8CEC-F1A953C0263B}.Release 4|Win32.ActiveCfg = Release|Win32
		{65450DEB-8A11-44BA-8CEC-F1A953C0263B}.Release 4|Win32.Build.0 = Release|Win32
		{65450DEB-8A11-44BA-8CEC-F1A953C0263B}.Release 4|x64.ActiveCfg = Release|Win32
		{65450DEB-8A11-44BA-8CEC-F1A953C0263B}.Release 4|x64.Build.0 = Release|Win32
		{65450DEB-8A11-44BA-8CEC-F1A953C0263B}.Release|Win32.ActiveCfg = Release|Win32
		{65450DEB-8A11-44BA-8CEC-F1A953C0263B}.Release|Win32.Build.0 = Release|Win32
		{65450DEB-8A11-44BA-8CEC-F1A953C0263B}.Release|x64.ActiveCfg = Release|Win32
		{65450DEB-8A11-44BA-8CEC-F1A953C0263B}.Release|x64.Build.0 = Release|Win32
		{2037C7B3-75C5-4E0C-A01C-3F078A1AFB06}.Debug (No Editor)|Win32.ActiveCfg = Debug (No Editor)|Win32
		{2037C7B3-75C5-4E0C-A01C-3F078A1AFB06}.Debug (No Editor)|Win32.Build.0 = Debug (No Editor)|Win32
		{2037C7B3-75C5-4E0C-A01C-3F078A1AFB06}.Debug (No Editor)|x64.ActiveCfg = Debug (No Editor)|Win32
		{2037C7B3-75C5-4E0C-A01C-3F078A1AFB06}.Debug (No Editor)|x64.Build.0 = Debug (No Editor)|Win32
		{2037C7B3-75C5-4E0C-A01C-3F078A1AFB06}.Debug 4|Win32.ActiveCfg = Debug|Win32
		{2037C7B3-75C5-4E0C-A01C-3F078A1AFB06}.Debug 4|Win32.Build.0 = Debug|Win32
		{2037C7B3-75C5-4E0C-A01C-3F078A1AFB06}.Debug 4|x64.ActiveCfg = Debug|Win32
		{2037C7B3-75C5-4E0C-A01C-3F078A1AFB06}.Debug 4|x64.Build.0 = Debug|Win32
		{2037C7B3-75C5-4E0C-A01C-3F078A1AFB06}.Debug|Win32.ActiveCfg = Debug|Win32
		{2037C7B3-75C5-4E0C-A01C-3F078A1AFB06}.Debug|Win32.Build.0 = Debug|Win32
		{2037C7B3-75C5-4E0C-A01C-3F078A1AFB06}.Debug|x64.ActiveCfg = Debug|Win32
		{2037C7B3-75C5-4E0C-A01C-3F078A1AFB06}.Debug|x64.Build.0 = Debug|Win32
		{2037C7B3-75C5-4E0C-A01C-3F078A1AFB06}.Release (No editor)|Win32.ActiveCfg = Release (No editor)|Win32
		{2037C7B3-75C5-4E0C-A01C-3F078A1AFB06}.Release (No editor)|Win32.Build.0 = Release (No editor)|Win32
		{2037C7B3-75C5-4E0C-A01C-3F078A1AFB06}.Release (No editor)|x64.ActiveCfg = Release (No editor)|Win32
		{2037C7B3-75C5-4E0C-A01C-3F078A1AFB06}.Release (No editor)|x64.Build.0 = Release (No editor)|Win32
		{2037C7B3-75C5-4E0C-A01C-3F078A1AFB06}.Release 4|Win32.ActiveCfg = Release|Win32
		{2037C7B3-75C5-4E0C-A01C-3F078A1AFB06}.Release 4|Win32.Build.0 = Release|Win32
		{2037C7B3-75C5-4E0C-A01C-3F078A1AFB06}.Release 4|x64.ActiveCfg = Release|Win32
		{2037C7B3-75C5-4E0C-A01C-3F078A1AFB06}.Release 4|x64.Build.0 = Release|Win32
		{2037C7B3-75C5-4E0C-A01C-3F078A1AFB06}.Release|Win32.ActiveCfg = Release|Win32
		{2037C7B3-75C5-4E0C-A01C-3F078A1AFB06}.Release|Win32.Build.0 = Release|Win32
		{2037C7B3-75C5-4E0C-A01C-3F078A1AFB06}.Release|x64.ActiveCfg = Release|Win32
		{2037C7B3-75C5-4E0C-A01C-3F078A1AFB06}.Release|x64.Build.0 = Release|Win32
		{3C312668-91A2-435E-8FF3-1C9A4FF85A37}.Debug (No Editor)|Win32.ActiveCfg = Debug (No Editor)|Win32
		{3C312668-91A2-435E-8FF3-1C9A4FF85A37}.Debug (No Editor)|Win32.Build.0 = Debug (No Editor)|Win32
		{3C312668-91A2-435E-8FF3-1C9A4FF85A37}.Debug (No Editor)|x64.ActiveCfg = Debug (No Editor)|Win32
		{3C312668-91A2-435E-8FF3-1C9A4FF85A37}.Debug (No Editor)|x64.Build.0 = Debug (No Editor)|Win32
		{3C312668-91A2-435E-8FF3-1C9A4FF85A37}.Debug 4|Win32.ActiveCfg = Release|Win32
		{3C312668-91A2-435E-8FF3-1C9A4FF85A37}.Debug 4|Win32.Build.0 = Release|Win32
		{3C312668-91A2-435E-8FF3-1C9A4FF85A37}.Debug 4|x64.ActiveCfg = Release|Win32
		{3C312668-91A2-435E-8FF3-1C9A4FF85A37}.Debug 4|x64.Build.0 = Release|Win32
		{3C312668-91A2-435E-8FF3-1C9A4FF85A37}.Debug|Win32.ActiveCfg = Debug|Win32
		{3C312668-91A2-435E-8FF3-1C9A4FF85A37}.Debug|Win32.Build.0 = Debug|Win32
		{3C312668-91A2-435E-8FF3-1C9A4FF85A37}.Debug|x64.ActiveCfg = Release|Win32
		{3C312668-91A2-435E-8FF3-1C9A4FF85A37}.Debug|x64.Build.0 = Release|Win32
		{3C312668-91A2-435E-8FF3-1C9A4FF85A37}.Release (No editor)|Win32.ActiveCfg = Release (No editor)|Win32
		{3C312668-91A2-435E-8FF3-1C9A4FF85A37}.Release (No editor)|Win32.Build.0 = Release (No editor)|Win32
		{3C312668-91A2-435E-8FF3-1C9A4FF85A37}.Release (No editor)|x64.ActiveCfg = Release (No editor)|Win32
		{3C312668-91A2-435E-8FF3-1C9A4FF85A37}.Release (No editor)|x64.Build.0 = Release (No editor)|Win32
		{3C312668-91A2-435E-8FF3-1C9A4FF85A37}.Release 4|Win32.ActiveCfg = Release|Win32
		{3C312668-91A2-435E-8FF3-1C9A4FF85A37}.Release 4|Win32.Build.0 = Release|Win32
		{3C312668-91A2-435E-8FF3-1C9A4FF85A37}.Release 4|x64.ActiveCfg = Release|Win32
		{3C312668-91A2-435E-8FF3-1C9A4FF85A37}.Release 4|x64.Build.0 = Release|Win32
		{3C312668-91A2-435E-8FF3-1C9A4FF85A37}.Release|Win32.ActiveCfg = Release|Win32
		{3C312668-91A2-435E-8FF3-1C9A4FF85A37}.Release|Win32.Build.0 = Release|Win32
		{3C312668-91A2-435E-8FF3-1C9A4FF85A37}.Release|x64.ActiveCfg = Release|Win32
		{3C312668-91A2-435E-8FF3-1C9A4FF85A37}.Release|x64.Build.0 = Release|Win32
		{EF7005E4-30FB-4C8D-8165-6E18DD6EE3BE}.Debug (No Editor)|Win32.ActiveCfg = Debug (No Editor)|Win32
		{EF7005E4-30FB-4C8D-8165-6E18DD6EE3BE}.Debug (No Editor)|Win32.Build.0 = Debug (No Editor)|Win32
		{EF7005E4-30FB-4C8D-8165-6E18DD6EE3BE}.Debug (No Editor)|x64.ActiveCfg = Debug (No Editor)|Win32
		{EF7005E4-30FB-4C8D-8165-6E18DD6EE3BE}.Debug (No Editor)|x64.Build.0 = Debug (No Editor)|Win32
		{EF7005E4-30FB-4C8D-8165-6E18DD6EE3BE}.Debug 4|Win32.ActiveCfg = Debug|Win32
		{EF7005E4-30FB-4C8D-8165-6E18DD6EE3BE}.Debug 4|Win32.Build.0 = Debug|Win32
		{EF7005E4-30FB-4C8D-8165-6E18DD6EE3BE}.Debug 4|x64.ActiveCfg = Debug|Win32
		{EF7005E4-30FB-4C8D-8165-6E18DD6EE3BE}.Debug 4|x64.Build.0 = Debug|Win32
		{EF7005E4-30FB-4C8D-8165-6E18DD6EE3BE}.Debug|Win32.ActiveCfg = Debug|Win32
		{EF7005E4-30FB-4C8D-8165-6E18DD6EE3BE}.Debug|Win32.Build.0 = Debug|Win32
		{EF7005E4-30FB-4C8D-8165-6E18DD6EE3BE}.Debug|x64.ActiveCfg = Debug|Win32
		{EF7005E4-30FB-4C8D-8165-6E18DD6EE3BE}.Debug|x64.Build.0 = Debug|Win32
		{EF7005E4-30FB-4C8D-8165-6E18DD6EE3BE}.Release (No editor)|Win32.ActiveCfg = Release (No editor)|Win32
		{EF7005E4-30FB-4C8D-8165-6E18DD6EE3BE}.Release (No editor)|Win32.Build.0 = Release (No editor)|Win32
		{EF7005E4-30FB-4C8D-8165-6E18DD6EE3BE}.Release (No editor)|x64.ActiveCfg = Release (No editor)|Win32
		{EF7005E4-30FB-4C8D-8165-6E18DD6EE3BE}.Release (No editor)|x64.Build.0 = Release (No editor)|Win32
		{EF7005E4-30FB-4C8D-8165-6E18DD6EE3BE}.Release 4|Win32.ActiveCfg = Release|Win32
		{EF7005E4-30FB-4C8D-8165-6E18DD6EE3BE}.Release 4|Win32.Build.0 = Release|Win32
		{EF7005E4-30FB-4C8D-8165-6E18DD6EE3BE}.Release 4|x64.ActiveCfg = Release|Win32
		{EF7005E4-30FB-4C8D-8165-6E18DD6EE3BE}.Release 4|x64.Build.0 = Release|Win32
		{EF7005E4-30FB-4C8D-8165-6E18DD6EE3BE}.Release|Win32.ActiveCfg = Release|Win32
		{EF7005E4-30FB-4C8D-8165-6E18DD6EE3BE}.Release|Win32.Build.0 = Release|Win32
		{EF7005E4-30FB-4C8D-8165-6E18DD6EE3BE}.Release|x64.ActiveCfg = Release|Win32
		{EF7005E4-30FB-4C8D-8165-6E18DD6EE3BE}.Release|x64.Build.0 = Release|Win32
		{41249001-F34D-4D64-A3EA-515937BB36A5}.Debug (No Editor)|Win32.ActiveCfg = Debug (No Editor)|Win32
		{41249001-F34D-4D64-A3EA-515937BB36A5}.Debug (No Editor)|Win32.Build.0 = Debug (No Editor)|Win32
		{41249001-F34D-4D64-A3EA-515937BB36A5}.Debug (No Editor)|x64.ActiveCfg = Debug (No Editor)|Win32
		{41249001-F34D-4D64-A3EA-515937BB36A5}.Debug (No Editor)|x64.Build.0 = Debug (No Editor)|Win32
		{41249001-F34D-4D64-A3EA-515937BB36A5}.Debug 4|Win32.ActiveCfg = Debug|Win32
		{41249001-F34D-4D64-A3EA-515937BB36A5}.Debug 4|Win32.Build.0 = Debug|Win32
		{41249001-F34D-4D64-A3EA-515937BB36A5}.Debug 4|x64.ActiveCfg = Debug|Win32
		{41249001-F34D-4D64-A3EA-515937BB36A5}.Debug 4|x64.Build.0 = Debug|Win32
		{41249001-F34D-4D64-A3EA-515937BB36A5}.Debug|Win32.ActiveCfg = Debug|Win32
		{41249001-F34D-4D64-A3EA-515937BB36A5}.Debug|Win32.Build.0 = Debug|Win32
		{41249001-F34D-4D64-A3EA-515937BB36A5}.Debug|x64.ActiveCfg = Debug|Win32
		{41249001-F34D-4D64-A3EA-515937BB36A5}.Debug|x64.Build.0 = Debug|Win32
		{41249001-F34D-4D64-A3EA-515937BB36A5}.Release (No editor)|Win32.ActiveCfg = Release (No editor)|Win32
		{41249001-F34D-4D64-A3EA-515937BB36A5}.Release (No editor)|Win32.Build.0 = Release (No editor)|Win32
		{41249001-F34D-4D64-A3EA-515937BB36A5}.Release (No editor)|x64.ActiveCfg = Release (No editor)|Win32
		{41249001-F34D-4D64-A3EA-515937BB36A5}.Release (No editor)|x64.Build.0 = Release (No editor)|Win32
		{41249001-F34D-4D64-A3EA-515937BB36A5}.Release 4|Win32.ActiveCfg = Release|Win32
		{41249001-F34D-4D64-A3EA-515937BB36A5}.Release 4|Win32.Build.0 = Release|Win32
		{41249001-F34D-4D64-A3EA-515937BB36A5}.Release 4|x64.ActiveCfg = Release|Win32
		{41249001-F34D-4D64-A3EA-515937BB36A5}.Release 4|x64.Build.0 = Release|Win32
		{41249001-F34D-4D64-A3EA-515937BB36A5}.Release|Win32.ActiveCfg = Debug|Win32
		{41249001-F34D-4D64-A3EA-515937BB36A5}.Release|Win32.Build.0 = Debug|Win32
		{41249001-F34D-4D64-A3EA-515937BB36A5}.Release|x64.ActiveCfg = Release|Win32
		{41249001-F34D-4D64-A3EA-515937BB36A5}.Release|x64.Build.0 = Release|Win32
		{886A42A5-4D9B-4592-A0E2-C547E4E3014F}.Debug (No Editor)|Win32.ActiveCfg = Debug (No Editor)|Win32
		{886A42A5-4D9B-4592-A0E2-C547E4E3014F}.Debug (No Editor)|Win32.Build.0 = Debug (No Editor)|Win32
		{886A42A5-4D9B-4592-A0E2-C547E4E3014F}.Debug (No Editor)|x64.ActiveCfg = Debug (No Editor)|Win32
		{886A42A5-4D9B-4592-A0E2-C547E4E3014F}.Debug (No Editor)|x64.Build.0 = Debug (No Editor)|Win32
		{886A42A5-4D9B-4592-A0E2-C547E4E3014F}.Debug 4|Win32.ActiveCfg = Debug|Win32
		{886A42A5-4D9B-4592-A0E2-C547E4E3014F}.Debug 4|Win32.Build.0 = Debug|Win32
		{886A42A5-4D9B-4592-A0E2-C547E4E3014F}.Debug 4|x64.ActiveCfg = Debug|Win32
		{886A42A5-4D9B-4592-A0E2-C547E4E3014F}.Debug 4|x64.Build.0 = Debug|Win32
		{886A42A5-4D9B-4592-A0E2-C547E4E3014F}.Debug|Win32.ActiveCfg = Debug|Win32
		{886A42A5-4D9B-4592-A0E2-C547E4E3014F}.Debug|Win32.Build.0 = Debug|Win32
		{886A42A5-4D9B-4592-A0E2-C547E4E3014F}.Debug|x64.ActiveCfg = Debug|Win32
		{886A42A5-4D9B-4592-A0E2-C547E4E3014F}.Debug|x64.Build.0 = Debug|Win32
		{886A42A5-4D9B-4592-A0E2-C547E4E3014F}.Release (No editor)|Win32.ActiveCfg = Release (No editor)|Win32
		{886A42A5-4D9B-4592-A0E2-C547E4E3014F}.Release (No editor)|Win32.Build.0 = Release (No editor)|Win32
		{886A42A5-4D9B-4592-A0E2-C547E4E3014F}.Release (No editor)|x64.ActiveCfg = Release (No editor)|Win32
		{886A42A5-4D9B-4592-A0E2-C547E4E3014F}.Release (No editor)|x64.Build.0 = Release (No editor)|Win32
		{886A42A5-4D9B-4592-A0E2-C547E4E3014F}.Release 4|Win32.ActiveCfg = Release|Win32
		{886A42A5-4D9B-4592-A0E2-C547E4E3014F}.Release 4|Win32.Build.0 = Release|Win32
		{886A42A5-4D9B-4592-A0E2-C547E4E3014F}.Release 4|x64.ActiveCfg = Release|Win32
		{886A42A5-4D9B-4592-A0E2-C547E4E3014F}.Release 4|x64.Build.0 = Release|Win32
		{886A42A5-4D9B-4592-A0E2-C547E4E3014F}.Release|Win32.ActiveCfg = Release|Win32
		{886A42A5-4D9B-4592-A0E2-C547E4E3014F}.Release|Win32.Build.0 = Release|Win32
		{886A42A5-4D9B-4592-A0E2-C547E4E3014F}.Release|x64.ActiveCfg = Release|Win32
		{886A42A5-4D9B-4592-A0E2-C547E4E3014F}.Release|x64.Build.0 = Release|Win32
		{7F4D8623-718E-4ADA-9B3A-A372371F0B20}.Debug (No Editor)|Win32.ActiveCfg = Debug (No Editor)|Win32
		{7F4D8623-718E-4ADA-9B3A-A372371F0B20}.Debug (No Editor)|Win32.Build.0 = Debug (No Editor)|Win32
		{7F4D8623-718E-4ADA-9B3A-A372371F0B20}.Debug (No Editor)|x64.ActiveCfg = Debug (No Editor)|Win32
		{7F4D8623-718E-4ADA-9B3A-A372371F0B20}.Debug (No Editor)|x64.Build.0 = Debug (No Editor)|Win32
		{7F4D8623-718E-4ADA-9B3A-A372371F0B20}.Debug 4|Win32.ActiveCfg = Debug|Win32
		{7F4D8623-718E-4ADA-9B3A-A372371F0B20}.Debug 4|Win32.Build.0 = Debug|Win32
		{7F4D8623-718E-4ADA-9B3A-A372371F0B20}.Debug 4|x64.ActiveCfg = Debug|Win32
		{7F4D8623-718E-4ADA-9B3A-A372371F0B20}.Debug 4|x64.Build.0 = Debug|Win32
		{7F4D8623-718E-4ADA-9B3A-A372371F0B20}.Debug|Win32.ActiveCfg = Debug|Win32
		{7F4D8623-718E-4ADA-9B3A-A372371F0B20}.Debug|Win32.Build.0 = Debug|Win32
		{7F4D8623-718E-4ADA-9B3A-A372371F0B20}.Debug|x64.ActiveCfg = Debug|Win32
		{7F4D8623-718E-4ADA-9B3A-A372371F0B20}.Debug|x64.Build.0 = Debug|Win32
		{7F4D8623-718E-4ADA-9B3A-A372371F0B20}.Release (No editor)|Win32.ActiveCfg = Release (No editor)|Win32
		{7F4D8623-718E-4ADA-9B3A-A372371F0B20}.Release (No editor)|Win32.Build.0 = Release (No editor)|Win32
		{7F4D8623-718E-4ADA-9B3A-A372371F0B20}.Release (No editor)|x64.ActiveCfg = Release (No editor)|Win32
		{7F4D8623-718E-4ADA-9B3A-A372371F0B20}.Release (No editor)|x64.Build.0 = Release (No editor)|Win32
		{7F4D8623-718E-4ADA-9B3A-A372371F0B20}.Release 4|Win32.ActiveCfg = Release|Win32
		{7F4D8623-718E-4ADA-9B3A-A372371F0B20}.Release 4|Win32.Build.0 = Release|Win32
		{7F4D8623-718E-4ADA-9B3A-A372371F0B20}.Release 4|x64.ActiveCfg = Release|Win32
		{7F4D8623-718E-4ADA-9B3A-A372371F0B20}.Release 4|x64.Build.0 = Release|Win32
		{7F4D8623-718E-4ADA-9B3A-A372371F0B20}.Release|Win32.ActiveCfg = Release|Win32
		{7F4D8623-718E-4ADA-9B3A-A372371F0B20}.Release|Win32.Build.0 = Release|Win32
		{7F4D8623-718E-4ADA-9B3A-A372371F0B20}.Release|x64.ActiveCfg = Release|Win32
		{7F4D8623-718E-4ADA-9B3A-A372371F0B20}.Release|x64.Build.0 = Release|Win32
		{9E803C12-B83A-4086-8C58-0DA7F7B97DB1}.Debug (No Editor)|Win32.ActiveCfg = Debug (No Editor)|Win32
		{9E803C12-B83A-4086-8C58-0DA7F7B97DB1}.Debug (No Editor)|Win32.Build.0 = Debug (No Editor)|Win32
		{9E803C12-B83A-4086-8C58-0DA7F7B97DB1}.Debug (No Editor)|x64.ActiveCfg = Debug (No Editor)|Win32
		{9E803C12-B83A-4086-8C58-0DA7F7B97DB1}.Debug (No Editor)|x64.Build.0 = Debug (No Editor)|Win32
		{9E803C12-B83A-4086-8C58-0DA7F7B97DB1}.Debug 4|Win32.ActiveCfg = Debug|Win32
		{9E803C12-B83A-4086-8C58-0DA7F7B97DB1}.Debug 4|Win32.Build.0 = Debug|Win32
		{9E803C12-B83A-4086-8C58-0DA7F7B97DB1}.Debug 4|x64.ActiveCfg = Debug|Win32
		{9E803C12-B83A-4086-8C58-0DA7F7B97DB1}.Debug 4|x64.Build.0 = Debug|Win32
		{9E803C12-B83A-4086-8C58-0DA7F7B97DB1}.Debug|Win32.ActiveCfg = Debug|Win32
		{9E803C12-B83A-4086-8C58-0DA7F7B97DB1}.Debug|Win32.Build.0 = Debug|Win32
		{9E803C12-B83A-4086-8C58-0DA7F7B97DB1}.Debug|x64.ActiveCfg = Debug|Win32
		{9E803C12-B83A-4086-8C58-0DA7F7B97DB1}.Debug|x64.Build.0 = Debug|Win32
		{9E803C12-B83A-4086-8C58-0DA7F7B97DB1}.Release (No editor)|Win32.ActiveCfg = Release (No editor)|Win32
		{9E803C12-B83A-4086-8C58-0DA7F7B97DB1}.Release (No editor)|Win32.Build.0 = Release (No editor)|Win32
		{9E803C12-B83A-4086-8C58-0DA7F7B97DB1}.Release (No editor)|x64.ActiveCfg = Release (No editor)|Win32
		{9E803C12-B83A-4086-8C58-0DA7F7B97DB1}.Release (No editor)|x64.Build.0 = Release (No editor)|Win32
		{9E803C12-B83A-4086-8C58-0DA7F7B97DB1}.Release 4|Win32.ActiveCfg = Release|Win32
		{9E803C12-B83A-4086-8C58-0DA7F7B97DB1}.Release 4|Win32.Build.0 = Release|Win32
		{9E803C12-B83A-4086-8C58-0DA7F7B97DB1}.Release 4|x64.ActiveCfg = Release|Win32
		{9E803C12-B83A-4086-8C58-0DA7F7B97DB1}.Release 4|x64.Build.0 = Release|Win32
		{9E803C12-B83A-4086-8C58-0DA7F7B97DB1}.Release|Win32.ActiveCfg = Release|Win32
		{9E803C12-B83A-4086-8C58-0DA7F7B97DB1}.Release|Win32.Build.0 = Release|Win32
		{9E803C12-B83A-4086-8C58-0DA7F7B97DB1}.Release|x64.ActiveCfg = Release|Win32
		{9E803C12-B83A-4086-8C58-0DA7F7B97DB1}.Release|x64.Build.0 = Release|Win32
		{0B25DA44-F6AA-4DFE-8431-96911B9B6E93}.Debug (No Editor)|Win32.ActiveCfg = Debug (No Editor)|Win32
		{0B25DA44-F6AA-4DFE-8431-96911B9B6E93}.Debug (No Editor)|Win32.Build.0 = Debug (No Editor)|Win32
		{0B25DA44-F6AA-4DFE-8431-96911B9B6E93}.Debug (No Editor)|x64.ActiveCfg = Debug (No Editor)|Win32
		{0B25DA44-F6AA-4DFE-8431-96911B9B6E93}.Debug (No Editor)|x64.Build.0 = Debug (No Editor)|Win32
		{0B25DA44-F6AA-4DFE-8431-96911B9B6E93}.Debug 4|Win32.ActiveCfg = Release|Win32
		{0B25DA44-F6AA-4DFE-8431-96911B9B6E93}.Debug 4|Win32.Build.0 = Release|Win32
		{0B25DA44-F6AA-4DFE-8431-96911B9B6E93}.Debug 4|x64.ActiveCfg = Release|Win32
		{0B25DA44-F6AA-4DFE-8431-96911B9B6E93}.Debug 4|x64.Build.0 = Release|Win32
		{0B25DA44-F6AA-4DFE-8431-96911B9B6E93}.Debug|Win32.ActiveCfg = Debug|Win32
		{0B25DA44-F6AA-4DFE-8431-96911B9B6E93}.Debug|Win32.Build.0 = Debug|Win32
		{0B25DA44-F6AA-4DFE-8431-96911B9B6E93}.Debug|x64.ActiveCfg = Release|Win32
		{0B25DA44-F6AA-4DFE-8431-96911B9B6E93}.Debug|x64.Build.0 = Release|Win32
		{0B25DA44-F6AA-4DFE-8431-96911B9B6E93}.Release (No editor)|Win32.ActiveCfg = Release (No editor)|Win32
		{0B25DA44-F6AA-4DFE-8431-96911B9B6E93}.Release (No editor)|Win32.Build.0 = Release (No editor)|Win32
		{0B25DA44-F6AA-4DFE-8431-96911B9B6E93}.Release (No editor)|x64.ActiveCfg = Release (No editor)|Win32
		{0B25DA44-F6AA-4DFE-8431-96911B9B6E93}.Release (No editor)|x64.Build.0 = Release (No editor)|Win32
		{0B25DA44-F6AA-4DFE-8431-96911B9B6E93}.Release 4|Win32.ActiveCfg = Release|Win32
		{0B25DA44-F6AA-4DFE-8431-96911B9B6E93}.Release 4|Win32.Build.0 = Release|Win32
		{0B25DA44-F6AA-4DFE-8431-96911B9B6E93}.Release 4|x64.ActiveCfg = Release|Win32
		{0B25DA44-F6AA-4DFE-8431-96911B9B6E93}.Release 4|x64.Build.0 = Release|Win32
		{0B25DA44-F6AA-4DFE-8431-96911B9B6E93}.Release|Win32.ActiveCfg = Release|Win32
		{0B25DA44-F6AA-4DFE-8431-96911B9B6E93}.Release|Win32.Build.0 = Release|Win32
		{0B25DA44-F6AA-4DFE-8431-96911B9B6E93}.Release|x64.ActiveCfg = Release|Win32
		{0B25DA44-F6AA-4DFE-8431-96911B9B6E93}.Release|x64.Build.0 = Release|Win32
	EndGlobalSection
	GlobalSection(SolutionProperties) = preSolution
		HideSolutionNode = FALSE
	EndGlobalSection
	GlobalSection(NestedProjects) = preSolution
		{5D737D7A-9389-4A64-A278-E7E758DEB3A6} = {122AF036-A6BB-46EA-99C6-07DC963205B6}
		{09640EE2-1600-4E8A-A03A-2FACA4079E8D} = {2CDEA55A-846D-4AA0-A283-0F587DEB4EC8}
		{9138BBB5-83D6-4BDB-840F-7935F442D15C} = {2CDEA55A-846D-4AA0-A283-0F587DEB4EC8}
		{C21DDACC-6EE6-4269-A09E-3FDED9397119} = {2CDEA55A-846D-4AA0-A283-0F587DEB4EC8}
		{52E9DD7C-ACAF-4C38-978D-9036475C314B} = {2CDEA55A-846D-4AA0-A283-0F587DEB4EC8}
		{A5347006-0153-4BA5-8750-49975A12F765} = {2CDEA55A-846D-4AA0-A283-0F587DEB4EC8}
		{6C6E952C-F051-4CDB-869D-B3B7B3A75DB7} = {2CDEA55A-846D-4AA0-A283-0F587DEB4EC8}
		{D83CBF70-D43F-476D-9F4B-BF2AA934BEDB} = {2CDEA55A-846D-4AA0-A283-0F587DEB4EC8}
		{AAFCF850-BC61-441F-B275-8B8BDD24AE7D} = {2CDEA55A-846D-4AA0-A283-0F587DEB4EC8}
		{A4F282A0-AE98-4FAC-A0E0-97EAAB4DAD90} = {2CDEA55A-846D-4AA0-A283-0F587DEB4EC8}
		{E50D4D68-D202-415A-AA63-9C36FA0BB7A0} = {2CDEA55A-846D-4AA0-A283-0F587DEB4EC8}
		{42E8FA28-85EE-4FF7-8A11-C0CB0095EF2B} = {2CDEA55A-846D-4AA0-A283-0F587DEB4EC8}
		{103B845A-5EC7-4C70-9957-4D97CE49797B} = {2CDEA55A-846D-4AA0-A283-0F587DEB4EC8}
		{65450DEB-8A11-44BA-8CEC-F1A953C0263B} = {2CDEA55A-846D-4AA0-A283-0F587DEB4EC8}
		{2037C7B3-75C5-4E0C-A01C-3F078A1AFB06} = {305DEF9B-2906-48FD-9401-CFEBB616659C}
		{3C312668-91A2-435E-8FF3-1C9A4FF85A37} = {2CDEA55A-846D-4AA0-A283-0F587DEB4EC8}
		{EF7005E4-30FB-4C8D-8165-6E18DD6EE3BE} = {2CDEA55A-846D-4AA0-A283-0F587DEB4EC8}
		{41249001-F34D-4D64-A3EA-515937BB36A5} = {2CDEA55A-846D-4AA0-A283-0F587DEB4EC8}
		{886A42A5-4D9B-4592-A0E2-C547E4E3014F} = {305DEF9B-2906-48FD-9401-CFEBB616659C}
		{7F4D8623-718E-4ADA-9B3A-A372371F0B20} = {305DEF9B-2906-48FD-9401-CFEBB616659C}
		{9E803C12-B83A-4086-8C58-0DA7F7B97DB1} = {305DEF9B-2906-48FD-9401-CFEBB616659C}
		{0B25DA44-F6AA-4DFE-8431-96911B9B6E93} = {305DEF9B-2906-48FD-9401-CFEBB616659C}
	EndGlobalSection
	GlobalSection(ExtensibilityGlobals) = postSolution
		SolutionGuid = {E6B7CC13-C974-4AD9-9AC6-3B18FE25C3E7}
	EndGlobalSection
EndGlobal
