<?xml version="1.0" encoding="utf-8"?>
<Project ToolsVersion="4.0" xmlns="http://schemas.microsoft.com/developer/msbuild/2003">
  <ItemGroup>
    <Filter Include="Source Files">
      <UniqueIdentifier>{45fe8940-34e5-4b07-8be0-9a939e077313}</UniqueIdentifier>
      <Extensions>cpp;c;cxx;rc;def;r;odl;idl;hpj;bat</Extensions>
    </Filter>
    <Filter Include="Header Files">
      <UniqueIdentifier>{7527bd5d-7957-453b-85aa-cada8146a443}</UniqueIdentifier>
      <Extensions>h;hpp;hxx;hm;inl</Extensions>
    </Filter>
    <Filter Include="C grammar">
      <UniqueIdentifier>{04b5ad4e-5cc7-45d9-8a81-37ca98714da6}</UniqueIdentifier>
      <Extensions>y</Extensions>
    </Filter>
    <Filter Include="Docs">
      <UniqueIdentifier>{c1871a58-4250-4bfd-8dae-07746a76d0be}</UniqueIdentifier>
    </Filter>
    <Filter Include="Test">
      <UniqueIdentifier>{c0bf7094-8da3-4d38-bf13-3d3987a6c6ff}</UniqueIdentifier>
    </Filter>
  </ItemGroup>
  <ItemGroup>
    <ClCompile Include="Compile.cpp">
      <Filter>Source Files</Filter>
    </ClCompile>
    <ClCompile Include="Lex.cpp">
      <Filter>Source Files</Filter>
    </ClCompile>
    <ClCompile Include="pch.cpp">
      <Filter>Source Files</Filter>
    </ClCompile>
    <ClCompile Include="Script.cpp">
      <Filter>Source Files</Filter>
    </ClCompile>
    <ClCompile Include="Vmachine.cpp">
      <Filter>Source Files</Filter>
    </ClCompile>
    <ClCompile Include="Yacc.cpp">
      <Filter>Source Files</Filter>
    </ClCompile>
    <ClCompile Include="test.c">
      <Filter>Test</Filter>
    </ClCompile>
  </ItemGroup>
  <ItemGroup>
    <ClInclude Include="all.h">
      <Filter>Header Files</Filter>
    </ClInclude>
    <ClInclude Include="C_stack.hpp">
      <Filter>Header Files</Filter>
    </ClInclude>
    <ClInclude Include="..\..\Include\Iscript.h">
      <Filter>Header Files</Filter>
    </ClInclude>
    <ClInclude Include="iscrpt_i.h">
      <Filter>Header Files</Filter>
    </ClInclude>
    <ClInclude Include="Opcode.h">
      <Filter>Header Files</Filter>
    </ClInclude>
    <ClInclude Include="yacc.h">
      <Filter>Header Files</Filter>
    </ClInclude>
    <ClInclude Include="test.h">
      <Filter>Test</Filter>
    </ClInclude>
  </ItemGroup>
  <ItemGroup>
    <Text Include="Docs\BUGS.TXT">
      <Filter>Docs</Filter>
    </Text>
    <Text Include="Docs\Use.txt">
      <Filter>Docs</Filter>
    </Text>
  </ItemGroup>
  <ItemGroup>
    <None Include="Docs\Language.xls">
      <Filter>Docs</Filter>
    </None>
  </ItemGroup>
  <ItemGroup>
    <CustomBuild Include="C_gram.cpp">
      <Filter>C grammar</Filter>
    </CustomBuild>
  </ItemGroup>
</Project>