<?xml version="1.0" encoding="utf-8"?>
<Project ToolsVersion="4.0" xmlns="http://schemas.microsoft.com/developer/msbuild/2003">
  <ItemGroup>
    <Filter Include="Source Files">
      <UniqueIdentifier>{d90636fa-fe38-48c9-b4b9-57094bb155b9}</UniqueIdentifier>
      <Extensions>cpp;c;cxx;rc;def;r;odl;idl;hpj;bat</Extensions>
    </Filter>
    <Filter Include="Header Files">
      <UniqueIdentifier>{88f7b39c-4865-4680-9096-34574cf1e8fc}</UniqueIdentifier>
      <Extensions>h;hpp;hxx;hm;inl</Extensions>
    </Filter>
  </ItemGroup>
  <ItemGroup>
    <ClCompile Include="analysis.c">
      <Filter>Source Files</Filter>
    </ClCompile>
    <ClCompile Include="bitrate.c">
      <Filter>Source Files</Filter>
    </ClCompile>
    <ClCompile Include="block.c">
      <Filter>Source Files</Filter>
    </ClCompile>
    <ClCompile Include="codebook.c">
      <Filter>Source Files</Filter>
    </ClCompile>
    <ClCompile Include="envelope.c">
      <Filter>Source Files</Filter>
    </ClCompile>
    <ClCompile Include="floor0.c">
      <Filter>Source Files</Filter>
    </ClCompile>
    <ClCompile Include="floor1.c">
      <Filter>Source Files</Filter>
    </ClCompile>
    <ClCompile Include="info.c">
      <Filter>Source Files</Filter>
    </ClCompile>
    <ClCompile Include="lookup.c">
      <Filter>Source Files</Filter>
    </ClCompile>
    <ClCompile Include="lpc.c">
      <Filter>Source Files</Filter>
    </ClCompile>
    <ClCompile Include="lsp.c">
      <Filter>Source Files</Filter>
    </ClCompile>
    <ClCompile Include="mapping0.c">
      <Filter>Source Files</Filter>
    </ClCompile>
    <ClCompile Include="mdct.c">
      <Filter>Source Files</Filter>
    </ClCompile>
    <ClCompile Include="psy.c">
      <Filter>Source Files</Filter>
    </ClCompile>
    <ClCompile Include="registry.c">
      <Filter>Source Files</Filter>
    </ClCompile>
    <ClCompile Include="res0.c">
      <Filter>Source Files</Filter>
    </ClCompile>
    <ClCompile Include="sharedbook.c">
      <Filter>Source Files</Filter>
    </ClCompile>
    <ClCompile Include="smallft.c">
      <Filter>Source Files</Filter>
    </ClCompile>
    <ClCompile Include="synthesis.c">
      <Filter>Source Files</Filter>
    </ClCompile>
    <ClCompile Include="vorbisenc.c">
      <Filter>Source Files</Filter>
    </ClCompile>
    <ClCompile Include="vorbisfile.c">
      <Filter>Source Files</Filter>
    </ClCompile>
    <ClCompile Include="window.c">
      <Filter>Source Files</Filter>
    </ClCompile>
  </ItemGroup>
  <ItemGroup>
    <ClInclude Include="backends.h">
      <Filter>Header Files</Filter>
    </ClInclude>
    <ClInclude Include="bitrate.h">
      <Filter>Header Files</Filter>
    </ClInclude>
    <ClInclude Include="codebook.h">
      <Filter>Header Files</Filter>
    </ClInclude>
    <ClInclude Include="codec_internal.h">
      <Filter>Header Files</Filter>
    </ClInclude>
    <ClInclude Include="envelope.h">
      <Filter>Header Files</Filter>
    </ClInclude>
    <ClInclude Include="iir.h">
      <Filter>Header Files</Filter>
    </ClInclude>
    <ClInclude Include="lookup.h">
      <Filter>Header Files</Filter>
    </ClInclude>
    <ClInclude Include="lookup_data.h">
      <Filter>Header Files</Filter>
    </ClInclude>
    <ClInclude Include="lpc.h">
      <Filter>Header Files</Filter>
    </ClInclude>
    <ClInclude Include="lsp.h">
      <Filter>Header Files</Filter>
    </ClInclude>
    <ClInclude Include="masking.h">
      <Filter>Header Files</Filter>
    </ClInclude>
    <ClInclude Include="mdct.h">
      <Filter>Header Files</Filter>
    </ClInclude>
    <ClInclude Include="misc.h">
      <Filter>Header Files</Filter>
    </ClInclude>
    <ClInclude Include="os.h">
      <Filter>Header Files</Filter>
    </ClInclude>
    <ClInclude Include="psy.h">
      <Filter>Header Files</Filter>
    </ClInclude>
    <ClInclude Include="registry-api.h">
      <Filter>Header Files</Filter>
    </ClInclude>
    <ClInclude Include="registry.h">
      <Filter>Header Files</Filter>
    </ClInclude>
    <ClInclude Include="scales.h">
      <Filter>Header Files</Filter>
    </ClInclude>
    <ClInclude Include="smallft.h">
      <Filter>Header Files</Filter>
    </ClInclude>
    <ClInclude Include="..\..\include\vorbis\vorbisfile.h">
      <Filter>Header Files</Filter>
    </ClInclude>
    <ClInclude Include="window.h">
      <Filter>Header Files</Filter>
    </ClInclude>
  </ItemGroup>
</Project>